
Microsoft Visual Studio Solution File, Format Version 12.00
# Visual Studio Version 16
VisualStudioVersion = 16.0.29519.87
MinimumVisualStudioVersion = 10.0.40219.1
Project("{8BC9CEB8-8B4A-11D0-8D11-00A0C91BC942}") = "Project ORKA", "Project ORKA\Project ORKA.vcxproj", "{AD44ABC9-E10E-485B-A111-65EE96C2FFC1}"
	ProjectSection(ProjectDependencies) = postProject
		{679361C6-6E82-4977-A881-B85CFE7A69E9} = {679361C6-6E82-4977-A881-B85CFE7A69E9}
	EndProjectSection
EndProject
Project("{8BC9CEB8-8B4A-11D0-8D11-00A0C91BC942}") = "Modules", "Modules\Modules.vcxproj", "{679361C6-6E82-4977-A881-B85CFE7A69E9}"
EndProject
Global
	GlobalSection(SolutionConfigurationPlatforms) = preSolution
		Debug|x64 = Debug|x64
		Debug|x86 = Debug|x86
		Release|x64 = Release|x64
		Release|x86 = Release|x86
	EndGlobalSection
	GlobalSection(ProjectConfigurationPlatforms) = postSolution
		{AD44ABC9-E10E-485B-A111-65EE96C2FFC1}.Debug|x64.ActiveCfg = Debug|x64
		{AD44ABC9-E10E-485B-A111-65EE96C2FFC1}.Debug|x64.Build.0 = Debug|x64
		{AD44ABC9-E10E-485B-A111-65EE96C2FFC1}.Debug|x86.ActiveCfg = Debug|Win32
		{AD44ABC9-E10E-485B-A111-65EE96C2FFC1}.Debug|x86.Build.0 = Debug|Win32
		{AD44ABC9-E10E-485B-A111-65EE96C2FFC1}.Release|x64.ActiveCfg = Release|x64
		{AD44ABC9-E10E-485B-A111-65EE96C2FFC1}.Release|x64.Build.0 = Release|x64
		{AD44ABC9-E10E-485B-A111-65EE96C2FFC1}.Release|x86.ActiveCfg = Release|Win32
		{AD44ABC9-E10E-485B-A111-65EE96C2FFC1}.Release|x86.Build.0 = Release|Win32
		{679361C6-6E82-4977-A881-B85CFE7A69E9}.Debug|x64.ActiveCfg = Debug|x64
		{679361C6-6E82-4977-A881-B85CFE7A69E9}.Debug|x64.Build.0 = Debug|x64
		{679361C6-6E82-4977-A881-B85CFE7A69E9}.Debug|x86.ActiveCfg = Debug|Win32
		{679361C6-6E82-4977-A881-B85CFE7A69E9}.Debug|x86.Build.0 = Debug|Win32
		{679361C6-6E82-4977-A881-B85CFE7A69E9}.Release|x64.ActiveCfg = Release|x64
		{679361C6-6E82-4977-A881-B85CFE7A69E9}.Release|x64.Build.0 = Release|x64
		{679361C6-6E82-4977-A881-B85CFE7A69E9}.Release|x86.ActiveCfg = Release|Win32
		{679361C6-6E82-4977-A881-B85CFE7A69E9}.Release|x86.Build.0 = Release|Win32
	EndGlobalSection
	GlobalSection(SolutionProperties) = preSolution
		HideSolutionNode = FALSE
	EndGlobalSection
	GlobalSection(ExtensibilityGlobals) = postSolution
		SolutionGuid = {422F4F85-1258-46C8-9A9B-B3705B2E72C1}
	EndGlobalSection
EndGlobal
