<?xml version="1.0" encoding="utf-8"?>
<Project ToolsVersion="4.0" xmlns="http://schemas.microsoft.com/developer/msbuild/2003">
  <ItemGroup>
    <Filter Include="Source Files">
      <UniqueIdentifier>{4FC737F1-C7A5-4376-A066-2A32D752A2FF}</UniqueIdentifier>
      <Extensions>cpp;c;cc;cxx;def;odl;idl;hpj;bat;asm;asmx</Extensions>
    </Filter>
    <Filter Include="Header Files">
      <UniqueIdentifier>{93995380-89BD-4b04-88EB-625FBE52EBFB}</UniqueIdentifier>
      <Extensions>h;hh;hpp;hxx;hm;inl;inc;ipp;xsd</Extensions>
    </Filter>
    <Filter Include="Resource Files">
      <UniqueIdentifier>{67DA6AB6-F800-4c08-8B7A-83BB121AAD01}</UniqueIdentifier>
      <Extensions>rc;ico;cur;bmp;dlg;rc2;rct;bin;rgs;gif;jpg;jpeg;jpe;resx;tiff;tif;png;wav;mfcribbon-ms</Extensions>
    </Filter>
    <Filter Include="Resource Files\Shaders">
      <UniqueIdentifier>{cc60b519-74ce-4163-9630-a4fd784dd7e1}</UniqueIdentifier>
    </Filter>
    <Filter Include="Source Files\Program">
      <UniqueIdentifier>{23ae75d0-990b-4171-994e-7dc2a31c13cf}</UniqueIdentifier>
    </Filter>
    <Filter Include="Resource Files\Shaders\debug">
      <UniqueIdentifier>{8057ee02-1eca-49b3-9c61-27e8bd0e455b}</UniqueIdentifier>
    </Filter>
    <Filter Include="Resource Files\Shaders\primitive">
      <UniqueIdentifier>{b4447bb9-dc42-4638-87e1-88d2e0781b1b}</UniqueIdentifier>
    </Filter>
    <Filter Include="Resource Files\Shaders\spaceShip">
      <UniqueIdentifier>{ca68672c-2d35-4481-bcdc-ec899da11103}</UniqueIdentifier>
    </Filter>
    <Filter Include="Resource Files\Shaders\sky">
      <UniqueIdentifier>{355914a4-8b20-4f42-84d8-3e0e164c10c3}</UniqueIdentifier>
    </Filter>
    <Filter Include="Source Files\Chunk">
      <UniqueIdentifier>{cede2a8c-fec9-4b01-b5ce-081728698443}</UniqueIdentifier>
    </Filter>
    <Filter Include="Source Files\Util">
      <UniqueIdentifier>{4684f843-1ee9-4813-bd3f-ed28cefdc038}</UniqueIdentifier>
    </Filter>
    <Filter Include="Source Files\GameSimulation">
      <UniqueIdentifier>{e9634dc3-942c-49f4-9b33-c43f93332bc3}</UniqueIdentifier>
    </Filter>
    <Filter Include="Source Files\Renderer">
      <UniqueIdentifier>{8983aea4-6e5e-4a1d-b227-3a1ad3157f11}</UniqueIdentifier>
    </Filter>
    <Filter Include="Source Files\Renderer\Mesh">
      <UniqueIdentifier>{fe7d1840-f4e9-4212-bd63-094c59350e7a}</UniqueIdentifier>
    </Filter>
    <Filter Include="Source Files\Renderer\Texture">
      <UniqueIdentifier>{6185e155-1bba-482a-adea-515da0616a59}</UniqueIdentifier>
    </Filter>
    <Filter Include="Source Files\Window">
      <UniqueIdentifier>{5c13c41c-17df-4f45-b7fa-504918bd03e7}</UniqueIdentifier>
    </Filter>
    <Filter Include="Resource Files\Shaders\postProcess">
      <UniqueIdentifier>{4db6f633-ae60-4a54-8c18-7603ecd0774d}</UniqueIdentifier>
    </Filter>
    <Filter Include="Source Files\WorldSystem">
      <UniqueIdentifier>{29891783-4580-46ff-a5bb-d0759f151e76}</UniqueIdentifier>
    </Filter>
    <Filter Include="Source Files\Common">
      <UniqueIdentifier>{2c581f34-8b03-450b-a04c-313828e4fa55}</UniqueIdentifier>
    </Filter>
    <Filter Include="Source Files\Chunk\Terrain">
      <UniqueIdentifier>{c0645fb3-cd06-4737-920c-08a14efeb58f}</UniqueIdentifier>
    </Filter>
  </ItemGroup>
  <ItemGroup>
    <ClCompile Include="main.cpp" />
    <ClCompile Include="Program.cpp">
      <Filter>Source Files\Program</Filter>
    </ClCompile>
    <ClCompile Include="Basics.cpp">
      <Filter>Source Files\Util</Filter>
    </ClCompile>
    <ClCompile Include="Chunk.cpp">
      <Filter>Source Files\Chunk</Filter>
    </ClCompile>
    <ClCompile Include="CPUMesh.cpp">
      <Filter>Source Files\Renderer\Mesh</Filter>
    </ClCompile>
    <ClCompile Include="GPUMesh.cpp">
      <Filter>Source Files\Renderer\Mesh</Filter>
    </ClCompile>
    <ClCompile Include="MeshSystem.cpp">
      <Filter>Source Files\Renderer\Mesh</Filter>
    </ClCompile>
    <ClCompile Include="CPUTexture.cpp">
      <Filter>Source Files\Renderer\Texture</Filter>
    </ClCompile>
    <ClCompile Include="TextureSystem.cpp">
      <Filter>Source Files\Renderer\Texture</Filter>
    </ClCompile>
    <ClCompile Include="Debug.cpp">
      <Filter>Source Files\Util</Filter>
    </ClCompile>
    <ClCompile Include="FileSystem.cpp">
      <Filter>Source Files\Util</Filter>
    </ClCompile>
    <ClCompile Include="Math.cpp">
      <Filter>Source Files\Util</Filter>
    </ClCompile>
    <ClCompile Include="Entity.cpp">
      <Filter>Source Files\GameSimulation</Filter>
    </ClCompile>
    <ClCompile Include="Framebuffer.cpp">
      <Filter>Source Files\Renderer</Filter>
    </ClCompile>
    <ClCompile Include="GameSimulation.cpp">
      <Filter>Source Files\GameSimulation</Filter>
    </ClCompile>
    <ClCompile Include="IndexBufferObject.cpp">
      <Filter>Source Files\Renderer</Filter>
    </ClCompile>
    <ClCompile Include="ProceduralMeshes.cpp">
      <Filter>Source Files\Renderer\Mesh</Filter>
    </ClCompile>
    <ClCompile Include="Renderer.cpp">
      <Filter>Source Files\Renderer</Filter>
    </ClCompile>
    <ClCompile Include="RenderObjectSystem.cpp">
      <Filter>Source Files\Renderer</Filter>
    </ClCompile>
    <ClCompile Include="ShaderSystem.cpp">
      <Filter>Source Files\Renderer</Filter>
    </ClCompile>
    <ClCompile Include="stb_image.cpp">
      <Filter>Source Files\Renderer\Texture</Filter>
    </ClCompile>
    <ClCompile Include="Camera.cpp">
      <Filter>Source Files\Renderer</Filter>
    </ClCompile>
    <ClCompile Include="Time.cpp">
      <Filter>Source Files\Util</Filter>
    </ClCompile>
    <ClCompile Include="Uniforms.cpp">
      <Filter>Source Files\Renderer</Filter>
    </ClCompile>
    <ClCompile Include="UserInterface.cpp">
      <Filter>Source Files\Renderer</Filter>
    </ClCompile>
    <ClCompile Include="VertexArrayObject.cpp">
      <Filter>Source Files\Renderer</Filter>
    </ClCompile>
    <ClCompile Include="VertexBufferObject.cpp">
      <Filter>Source Files\Renderer</Filter>
    </ClCompile>
    <ClCompile Include="ViewportSystem.cpp">
      <Filter>Source Files\Renderer</Filter>
    </ClCompile>
    <ClCompile Include="Window.cpp">
      <Filter>Source Files\Window</Filter>
    </ClCompile>
    <ClCompile Include="WindowSystem.cpp">
      <Filter>Source Files\Window</Filter>
    </ClCompile>
    <ClCompile Include="Terrain.cpp">
      <Filter>Source Files\Chunk\Terrain</Filter>
    </ClCompile>
  </ItemGroup>
  <ItemGroup>
    <ResourceCompile Include="icon.rc">
      <Filter>Resource Files</Filter>
    </ResourceCompile>
  </ItemGroup>
  <ItemGroup>
    <ClInclude Include="Program.hpp">
      <Filter>Source Files\Program</Filter>
    </ClInclude>
    <ClInclude Include="WindowsEntry.hpp" />
    <ClInclude Include="Basics.hpp">
      <Filter>Source Files\Util</Filter>
    </ClInclude>
    <ClInclude Include="Chunk.hpp">
      <Filter>Source Files\Chunk</Filter>
    </ClInclude>
    <ClInclude Include="CPUMesh.hpp">
      <Filter>Source Files\Renderer\Mesh</Filter>
    </ClInclude>
    <ClInclude Include="GPUMesh.hpp">
      <Filter>Source Files\Renderer\Mesh</Filter>
    </ClInclude>
    <ClInclude Include="MeshSystem.hpp">
      <Filter>Source Files\Renderer\Mesh</Filter>
    </ClInclude>
    <ClInclude Include="CPUTexture.hpp">
      <Filter>Source Files\Renderer\Texture</Filter>
    </ClInclude>
    <ClInclude Include="TextureSystem.hpp">
      <Filter>Source Files\Renderer\Texture</Filter>
    </ClInclude>
    <ClInclude Include="Debug.hpp">
      <Filter>Source Files\Util</Filter>
    </ClInclude>
    <ClInclude Include="FileSystem.hpp">
      <Filter>Source Files\Util</Filter>
    </ClInclude>
    <ClInclude Include="Math.hpp">
      <Filter>Source Files\Util</Filter>
    </ClInclude>
    <ClInclude Include="Entity.hpp">
      <Filter>Source Files\GameSimulation</Filter>
    </ClInclude>
    <ClInclude Include="Framebuffer.hpp">
      <Filter>Source Files\Renderer</Filter>
    </ClInclude>
    <ClInclude Include="GameSimulation.hpp">
      <Filter>Source Files\GameSimulation</Filter>
    </ClInclude>
    <ClInclude Include="GraphicsAPI.hpp">
      <Filter>Source Files\Renderer</Filter>
    </ClInclude>
    <ClInclude Include="IndexBufferObject.hpp">
      <Filter>Source Files\Renderer</Filter>
    </ClInclude>
    <ClInclude Include="PrimitiveModes.hpp">
      <Filter>Source Files\Renderer</Filter>
    </ClInclude>
    <ClInclude Include="ProceduralMeshes.hpp">
      <Filter>Source Files\Renderer\Mesh</Filter>
    </ClInclude>
    <ClInclude Include="Rectangle.hpp">
      <Filter>Source Files\Util</Filter>
    </ClInclude>
    <ClInclude Include="Renderer.hpp">
      <Filter>Source Files\Renderer</Filter>
    </ClInclude>
    <ClInclude Include="RenderObjectSystem.hpp">
      <Filter>Source Files\Renderer</Filter>
    </ClInclude>
    <ClInclude Include="resource.h">
      <Filter>Resource Files</Filter>
    </ClInclude>
    <ClInclude Include="ShaderSystem.hpp">
      <Filter>Source Files\Renderer</Filter>
    </ClInclude>
    <ClInclude Include="stb_image.h">
      <Filter>Source Files\Renderer\Texture</Filter>
    </ClInclude>
    <ClInclude Include="Camera.hpp">
      <Filter>Source Files\Renderer</Filter>
    </ClInclude>
    <ClInclude Include="Time.hpp">
      <Filter>Source Files\Util</Filter>
    </ClInclude>
    <ClInclude Include="Uniforms.hpp">
      <Filter>Source Files\Renderer</Filter>
    </ClInclude>
    <ClInclude Include="UserInterface.hpp">
      <Filter>Source Files\Renderer</Filter>
    </ClInclude>
    <ClInclude Include="VertexArrayObject.hpp">
      <Filter>Source Files\Renderer</Filter>
    </ClInclude>
    <ClInclude Include="VertexBufferObject.hpp">
      <Filter>Source Files\Renderer</Filter>
    </ClInclude>
    <ClInclude Include="ViewportSystem.hpp">
      <Filter>Source Files\Renderer</Filter>
    </ClInclude>
    <ClInclude Include="WindowSystem.hpp">
      <Filter>Source Files\Window</Filter>
    </ClInclude>
    <ClInclude Include="Window.hpp">
      <Filter>Source Files\Window</Filter>
    </ClInclude>
    <ClInclude Include="WindowAPI.hpp">
      <Filter>Source Files\Window</Filter>
    </ClInclude>
    <ClInclude Include="TictacToe.hpp">
      <Filter>Source Files</Filter>
    </ClInclude>
    <ClInclude Include="WorldSystem.hpp">
      <Filter>Source Files\WorldSystem</Filter>
    </ClInclude>
    <ClInclude Include="TaskSystem.hpp">
      <Filter>Source Files</Filter>
    </ClInclude>
    <ClInclude Include="Terrain.hpp">
      <Filter>Source Files\Chunk\Terrain</Filter>
    </ClInclude>
  </ItemGroup>
  <ItemGroup>
    <None Include="Data\shaders\debug.frag">
      <Filter>Resource Files\Shaders\debug</Filter>
    </None>
    <None Include="Data\shaders\debug.vert">
      <Filter>Resource Files\Shaders\debug</Filter>
    </None>
    <None Include="Data\shaders\primitive.frag">
      <Filter>Resource Files\Shaders\primitive</Filter>
    </None>
    <None Include="Data\shaders\primitive.vert">
      <Filter>Resource Files\Shaders\primitive</Filter>
    </None>
    <None Include="Data\shaders\spaceShip.frag">
      <Filter>Resource Files\Shaders\spaceShip</Filter>
    </None>
    <None Include="Data\shaders\spaceShip.vert">
      <Filter>Resource Files\Shaders\spaceShip</Filter>
    </None>
    <None Include="Data\shaders\sky.frag">
      <Filter>Resource Files\Shaders\sky</Filter>
    </None>
    <None Include="Data\shaders\sky.vert">
      <Filter>Resource Files\Shaders\sky</Filter>
    </None>
    <None Include="Data\shaders\postProcess.frag">
      <Filter>Resource Files\Shaders\postProcess</Filter>
    </None>
    <None Include="Data\shaders\postProcess.vert">
      <Filter>Resource Files\Shaders\postProcess</Filter>
    </None>
  </ItemGroup>
</Project>