<?xml version="1.0" encoding="utf-8"?>
<Project ToolsVersion="4.0" xmlns="http://schemas.microsoft.com/developer/msbuild/2003">
  <ItemGroup>
    <ClCompile Include="main.cpp" />
    <ClCompile Include="Math.cpp">
      <Filter>Common\Math</Filter>
    </ClCompile>
    <ClCompile Include="Random.cpp">
      <Filter>Common\Math\Random</Filter>
    </ClCompile>
    <ClCompile Include="PerlinNoise.cpp">
      <Filter>Common\Math\Random\Noise</Filter>
    </ClCompile>
    <ClCompile Include="BranchStructure.cpp">
      <Filter>Common\Math\Graphs\Branch Structure</Filter>
    </ClCompile>
    <ClCompile Include="Plot.cpp">
      <Filter>Common\Math\Graphs\Plot</Filter>
    </ClCompile>
    <ClCompile Include="NeuralNetwork.cpp">
      <Filter>Systems\Neural Network</Filter>
    </ClCompile>
    <ClCompile Include="FileSystem.cpp">
      <Filter>Common\Platform\FileSystem</Filter>
    </ClCompile>
    <ClCompile Include="Compiler.cpp">
      <Filter>Common\Compiler</Filter>
    </ClCompile>
    <ClCompile Include="File.cpp">
      <Filter>Common\Platform\FileSystem\File</Filter>
    </ClCompile>
    <ClCompile Include="TiledMath.cpp">
      <Filter>Common\Math\TiledMath</Filter>
    </ClCompile>
    <ClCompile Include="Transform.cpp">
      <Filter>Common\Data\Transform</Filter>
    </ClCompile>
    <ClCompile Include="Time.cpp">
      <Filter>Common\Platform\Time</Filter>
    </ClCompile>
    <ClCompile Include="Name.cpp">
      <Filter>Common\Datastructures\Name</Filter>
    </ClCompile>
    <ClCompile Include="DungeonsAndDiscord.cpp">
      <Filter>Apps\3D Apps\DungeonsAndDiscord</Filter>
    </ClCompile>
    <ClCompile Include="GPUSim.cpp">
      <Filter>Apps\2D Apps\GPUSim</Filter>
    </ClCompile>
    <ClCompile Include="MoonCrash.cpp">
      <Filter>Apps\3D Apps\Mooncrash</Filter>
    </ClCompile>
    <ClCompile Include="MindMapper.cpp">
      <Filter>Apps\2D Apps\Mind Mapper</Filter>
    </ClCompile>
    <ClCompile Include="Molecules2D.cpp">
      <Filter>Apps\2D Apps\Molecules 2D</Filter>
    </ClCompile>
    <ClCompile Include="MathDNA.cpp">
      <Filter>Systems\Math DNA</Filter>
    </ClCompile>
    <ClCompile Include="MindMap.cpp">
      <Filter>Systems\Mind Map</Filter>
    </ClCompile>
    <ClCompile Include="ORKAIntroSequence.cpp">
      <Filter>Apps\3D Apps\ORKA Intro Sequence</Filter>
    </ClCompile>
    <ClCompile Include="ULLUtil.cpp">
      <Filter>Common\Math\ULLUtil</Filter>
    </ClCompile>
    <ClCompile Include="Sandbox.cpp">
      <Filter>Apps\3D Apps\Sandbox</Filter>
    </ClCompile>
    <ClCompile Include="AIPlayground.cpp">
      <Filter>Apps\2D Apps\AIPlayground</Filter>
    </ClCompile>
    <ClCompile Include="Pong.cpp">
      <Filter>Apps\2D Apps\Pong</Filter>
    </ClCompile>
    <ClCompile Include="ProjectMelon.cpp">
      <Filter>Apps\3D Apps\Project Melon</Filter>
    </ClCompile>
    <ClCompile Include="TripleNine.cpp">
      <Filter>Apps\3D Apps\TripleNine</Filter>
    </ClCompile>
    <ClCompile Include="SimpleRTS.cpp">
      <Filter>Apps\3D Apps\Simple RTS</Filter>
    </ClCompile>
    <ClCompile Include="Snake.cpp">
      <Filter>Apps\3D Apps\Snake</Filter>
    </ClCompile>
    <ClCompile Include="UISandbox.cpp">
      <Filter>Apps\2D Apps\UISandbox</Filter>
    </ClCompile>
    <ClCompile Include="optick\optick_capi.cpp">
      <Filter>Systems\Profiler\Optick</Filter>
    </ClCompile>
    <ClCompile Include="optick\optick_core.cpp">
      <Filter>Systems\Profiler\Optick</Filter>
    </ClCompile>
    <ClCompile Include="optick\optick_gpu.cpp">
      <Filter>Systems\Profiler\Optick</Filter>
    </ClCompile>
    <ClCompile Include="optick\optick_gpu.d3d12.cpp">
      <Filter>Systems\Profiler\Optick</Filter>
    </ClCompile>
    <ClCompile Include="optick\optick_gpu.vulkan.cpp">
      <Filter>Systems\Profiler\Optick</Filter>
    </ClCompile>
    <ClCompile Include="optick\optick_message.cpp">
      <Filter>Systems\Profiler\Optick</Filter>
    </ClCompile>
    <ClCompile Include="optick\optick_miniz.cpp">
      <Filter>Systems\Profiler\Optick</Filter>
    </ClCompile>
    <ClCompile Include="optick\optick_serialization.cpp">
      <Filter>Systems\Profiler\Optick</Filter>
    </ClCompile>
    <ClCompile Include="optick\optick_server.cpp">
      <Filter>Systems\Profiler\Optick</Filter>
    </ClCompile>
    <ClCompile Include="RedDotHack.cpp">
      <Filter>Apps\Console Apps\Red Dot Hack</Filter>
    </ClCompile>
    <ClCompile Include="SimpleRTSHuman.cpp">
      <Filter>Apps\3D Apps\Simple RTS\SimpleRTSHuman</Filter>
    </ClCompile>
    <ClCompile Include="SimpleRTSTerrain.cpp">
      <Filter>Apps\3D Apps\Simple RTS\SimpleRTSTerrain</Filter>
    </ClCompile>
    <ClCompile Include="SimpleRTSTreeSystem.cpp">
      <Filter>Apps\3D Apps\Simple RTS\SimpleRTSTreeSystem</Filter>
    </ClCompile>
    <ClCompile Include="ResourceManager.cpp">
      <Filter>Systems\ResourceManager</Filter>
    </ClCompile>
    <ClCompile Include="ImageViewer.cpp">
      <Filter>Apps\2D Apps\Image Viewer</Filter>
    </ClCompile>
    <ClCompile Include="Organizer.cpp">
      <Filter>Apps\2D Apps\Organizer</Filter>
    </ClCompile>
    <ClCompile Include="PhysicsPlayground.cpp">
      <Filter>Apps\2D Apps\Physics Playground</Filter>
    </ClCompile>
    <ClCompile Include="TreeSystem.cpp">
      <Filter>Systems\TreeSystem</Filter>
    </ClCompile>
    <ClCompile Include="NeighborQuadtree.cpp">
      <Filter>Common\Datastructures\Quadtree\Neighbor Quadtree</Filter>
    </ClCompile>
    <ClCompile Include="NeighborOctree.cpp">
      <Filter>Common\Datastructures\Octree\Neighbor Octree</Filter>
    </ClCompile>
    <ClCompile Include="Game.cpp">
      <Filter>Systems\Game</Filter>
    </ClCompile>
    <ClCompile Include="Input.cpp">
      <Filter>Systems\UserInterface\Window\Input</Filter>
    </ClCompile>
    <ClCompile Include="JobSystem.cpp">
      <Filter>Systems\JobSystem</Filter>
    </ClCompile>
    <ClCompile Include="FramebufferTexture.cpp">
      <Filter>Systems\UserInterface\Window\Renderer\Framebuffer\FramebufferTexture</Filter>
    </ClCompile>
    <ClCompile Include="Framebuffer.cpp">
      <Filter>Systems\UserInterface\Window\Renderer\Framebuffer</Filter>
    </ClCompile>
    <ClCompile Include="CPUMesh.cpp">
      <Filter>Systems\UserInterface\Window\Renderer\MeshSystem\CPUMesh</Filter>
    </ClCompile>
    <ClCompile Include="GPUMesh.cpp">
      <Filter>Systems\UserInterface\Window\Renderer\MeshSystem\GPUMesh</Filter>
    </ClCompile>
    <ClCompile Include="MeshSystem.cpp">
      <Filter>Systems\UserInterface\Window\Renderer\MeshSystem</Filter>
    </ClCompile>
    <ClCompile Include="ProceduralMeshes.cpp">
      <Filter>Systems\Meshing\Procedural Meshes</Filter>
    </ClCompile>
    <ClCompile Include="SDFRenderer.cpp">
      <Filter>Apps\3D Apps\SDFRenderer</Filter>
    </ClCompile>
    <ClCompile Include="FileTypes.cpp">
      <Filter>Common\Platform\FileSystem\File\FileTypes</Filter>
    </ClCompile>
    <ClCompile Include="FlappyBird.cpp">
      <Filter>Apps\3D Apps\Flappy Bird</Filter>
    </ClCompile>
    <ClCompile Include="Hello Triangle.cpp">
      <Filter>Apps\2D Apps\Hello Triangle</Filter>
    </ClCompile>
    <ClCompile Include="Debug.cpp">
      <Filter>Common\Platform\Debug</Filter>
    </ClCompile>
    <ClCompile Include="ImguiExample.cpp">
      <Filter>Apps\2D Apps\Imgui</Filter>
    </ClCompile>
    <ClCompile Include="Logger.cpp">
      <Filter>Common\Platform\Debug\Logger</Filter>
    </ClCompile>
    <ClCompile Include="MSDFText.cpp">
      <Filter>Apps\2D Apps\MSDFText</Filter>
    </ClCompile>
    <ClCompile Include="Device.cpp">
      <Filter>Common\Platform\Device</Filter>
    </ClCompile>
    <ClCompile Include="IndexBufferObject.cpp">
      <Filter>Systems\UserInterface\Window\Renderer\MeshSystem\GPUMesh\IndexBufferObject</Filter>
    </ClCompile>
    <ClCompile Include="LineRenderer.cpp">
      <Filter>Systems\UserInterface\Window\Renderer\LineRenderer</Filter>
    </ClCompile>
    <ClCompile Include="MatrixSystem.cpp">
      <Filter>Systems\UserInterface\Window\Renderer\MatrixSystem</Filter>
    </ClCompile>
    <ClCompile Include="Memory.cpp">
      <Filter>Common\Memory</Filter>
    </ClCompile>
    <ClCompile Include="ParticleSystem.cpp">
      <Filter>Systems\UserInterface\Window\Renderer\ParticleSystem</Filter>
    </ClCompile>
    <ClCompile Include="Player.cpp">
      <Filter>Systems\Game\Player</Filter>
    </ClCompile>
    <ClCompile Include="PointCloud.cpp">
      <Filter>Common\Math\Graphs\PointCloud</Filter>
    </ClCompile>
    <ClCompile Include="RectangleRenderer.cpp">
      <Filter>Systems\UserInterface\Window\Renderer\RectangleRenderer</Filter>
    </ClCompile>
    <ClCompile Include="GPUTexture.cpp">
      <Filter>Systems\UserInterface\Window\Renderer\TextureSystem\GPUTexture</Filter>
    </ClCompile>
    <ClCompile Include="TextureSystem.cpp">
      <Filter>Systems\UserInterface\Window\Renderer\TextureSystem</Filter>
    </ClCompile>
    <ClCompile Include="CPUTexture.cpp">
      <Filter>Systems\UserInterface\Window\Renderer\TextureSystem\CPUTexture</Filter>
    </ClCompile>
    <ClCompile Include="Renderer.cpp">
      <Filter>Systems\UserInterface\Window\Renderer</Filter>
    </ClCompile>
    <ClCompile Include="RenderObjectSystem.cpp">
      <Filter>Systems\UserInterface\Window\Renderer\RenderObjectSystem</Filter>
    </ClCompile>
    <ClCompile Include="LevelledGraph.cpp">
      <Filter>Common\Math\Graphs\LeveledGraph</Filter>
    </ClCompile>
    <ClCompile Include="RenderRegion.cpp">
      <Filter>Systems\UserInterface\Window\Renderer\RenderRegion</Filter>
    </ClCompile>
    <ClCompile Include="Camera.cpp">
      <Filter>Systems\UserInterface\Window\Renderer\Camera</Filter>
    </ClCompile>
    <ClCompile Include="GraphicsAPI.cpp">
      <Filter>Systems\UserInterface\Window\GraphicsAPI</Filter>
    </ClCompile>
    <ClCompile Include="Scene.cpp">
      <Filter>Systems\SceneSystem\Scene</Filter>
    </ClCompile>
    <ClCompile Include="SceneSystem.cpp">
      <Filter>Systems\SceneSystem</Filter>
    </ClCompile>
    <ClCompile Include="ShaderProgram.cpp">
      <Filter>Systems\UserInterface\Window\Renderer\ShaderSystem\ShaderProgram</Filter>
    </ClCompile>
    <ClCompile Include="ShaderSystem.cpp">
      <Filter>Systems\UserInterface\Window\Renderer\ShaderSystem</Filter>
    </ClCompile>
    <ClCompile Include="TextRenderSystem.cpp">
      <Filter>Systems\UserInterface\Window\Renderer\TextRenderSystem</Filter>
    </ClCompile>
    <ClCompile Include="TransformationStack.cpp">
      <Filter>Systems\UserInterface\Window\Renderer\MatrixSystem\TransformationStack</Filter>
    </ClCompile>
    <ClCompile Include="UIButton.cpp">
      <Filter>Systems\UserInterface\UIButton</Filter>
    </ClCompile>
    <ClCompile Include="UIElement.cpp">
      <Filter>Systems\UserInterface\UIElement</Filter>
    </ClCompile>
    <ClCompile Include="Uniforms.cpp">
      <Filter>Systems\UserInterface\Window\Renderer\ShaderSystem\Uniforms</Filter>
    </ClCompile>
    <ClCompile Include="UserInterface.cpp">
      <Filter>Systems\UserInterface</Filter>
    </ClCompile>
    <ClCompile Include="Window.cpp">
      <Filter>Systems\UserInterface\Window</Filter>
    </ClCompile>
    <ClCompile Include="WindowAPI.cpp">
      <Filter>Systems\UserInterface\Window\WindowAPI</Filter>
    </ClCompile>
    <ClCompile Include="OctreeID.cpp">
      <Filter>Apps\3D Apps\Mooncrash\PlanetSystem\OctreeNode\OctreeID</Filter>
    </ClCompile>
    <ClCompile Include="OctreeNode.cpp">
      <Filter>Apps\3D Apps\Mooncrash\PlanetSystem\OctreeNode</Filter>
    </ClCompile>
    <ClCompile Include="TerrainSystem.cpp">
      <Filter>Apps\3D Apps\Mooncrash\PlanetSystem\TerrainSystem</Filter>
    </ClCompile>
    <ClCompile Include="TerrainRendering.cpp">
      <Filter>Apps\3D Apps\Mooncrash\PlanetRenderSystem\TerrainRendering</Filter>
    </ClCompile>
    <ClCompile Include="RelativeChunkOffset.cpp">
      <Filter>Apps\3D Apps\Mooncrash\PlanetRenderSystem\OctreeSystemRenderer\RelativeChunkOffset</Filter>
    </ClCompile>
    <ClCompile Include="OctreeSystem.cpp">
      <Filter>Apps\3D Apps\Mooncrash\PlanetSystem\OctreeSystem</Filter>
    </ClCompile>
    <ClCompile Include="OctreeSystemRenderer.cpp">
      <Filter>Apps\3D Apps\Mooncrash\PlanetRenderSystem\OctreeSystemRenderer</Filter>
    </ClCompile>
    <ClCompile Include="PlanetRenderSystem.cpp">
      <Filter>Apps\3D Apps\Mooncrash\PlanetRenderSystem</Filter>
    </ClCompile>
    <ClCompile Include="PlanetSystem.cpp">
      <Filter>Apps\3D Apps\Mooncrash\PlanetSystem</Filter>
    </ClCompile>
    <ClCompile Include="PlanetSystemPlayer.cpp">
      <Filter>Apps\3D Apps\Mooncrash\PlanetSystem\PlanetSystemPlayer</Filter>
    </ClCompile>
    <ClCompile Include="QuadtreeID.cpp">
      <Filter>Apps\3D Apps\Mooncrash\PlanetSystem\QuadtreeSystem\QuadtreeNode\QuadtreeID</Filter>
    </ClCompile>
    <ClCompile Include="QuadtreeNode.cpp">
      <Filter>Apps\3D Apps\Mooncrash\PlanetSystem\QuadtreeSystem\QuadtreeNode</Filter>
    </ClCompile>
    <ClCompile Include="QuadtreeSystem.cpp">
      <Filter>Apps\3D Apps\Mooncrash\PlanetSystem\QuadtreeSystem</Filter>
    </ClCompile>
    <ClCompile Include="QuadtreeSystemRenderer.cpp">
      <Filter>Apps\3D Apps\Mooncrash\PlanetRenderSystem\QuadtreeSystemRenderer</Filter>
    </ClCompile>
    <ClCompile Include="MelonPlayer.cpp">
      <Filter>Apps\3D Apps\Project Melon\MelonPlayer</Filter>
    </ClCompile>
    <ClCompile Include="MelonWorld.cpp">
      <Filter>Apps\3D Apps\Project Melon\MelonWorld</Filter>
    </ClCompile>
    <ClCompile Include="InfiniteDetailPrototype.cpp">
      <Filter>Apps\Console Apps\InfiniteDetailPrototype</Filter>
    </ClCompile>
    <ClCompile Include="NameGenerator.cpp">
      <Filter>Apps\Console Apps\NameGenerator</Filter>
    </ClCompile>
    <ClCompile Include="Image.cpp">
      <Filter>Common\Data\Image</Filter>
    </ClCompile>
    <ClCompile Include="PhysicsSystem.cpp">
      <Filter>Systems\PhysicsSystem</Filter>
    </ClCompile>
    <ClCompile Include="Collision.cpp">
      <Filter>Systems\PhysicsSystem\Collision</Filter>
    </ClCompile>
    <ClCompile Include="VoxelRenderer.cpp">
      <Filter>Systems\Meshing\VoxelMeshing</Filter>
    </ClCompile>
    <ClCompile Include="Client.cpp">
      <Filter>Systems\Networking\Client</Filter>
    </ClCompile>
    <ClCompile Include="Message.cpp">
      <Filter>Systems\Networking\Message</Filter>
    </ClCompile>
    <ClCompile Include="Networking.cpp">
      <Filter>Systems\Networking\Networking</Filter>
    </ClCompile>
    <ClCompile Include="BitmapTextRenderSystem.cpp">
      <Filter>Systems\UserInterface\Window\Renderer\TextRenderSystem\BitmapTextRenderSystem</Filter>
    </ClCompile>
    <ClCompile Include="GlyphTextRenderSystem.cpp">
      <Filter>Systems\UserInterface\Window\Renderer\TextRenderSystem\GlyphTextRenderSystem</Filter>
    </ClCompile>
    <ClCompile Include="Sortr.cpp">
      <Filter>Apps\2D Apps\Sortr</Filter>
    </ClCompile>
    <ClCompile Include="Orbital Oblivion.cpp">
      <Filter>Apps\3D Apps\OrbitalOblivion</Filter>
    </ClCompile>
    <ClCompile Include="PrototypingSandbox.cpp">
      <Filter>Apps\3D Apps\Prototyping</Filter>
    </ClCompile>
  </ItemGroup>
  <ItemGroup>
    <ClInclude Include="Basics.hpp">
      <Filter>Common</Filter>
    </ClInclude>
    <ClInclude Include="resource.h">
      <Filter>Misc</Filter>
    </ClInclude>
    <ClInclude Include="Array2D.hpp">
      <Filter>Common\Datastructures\Array2D</Filter>
    </ClInclude>
    <ClInclude Include="Math.hpp">
      <Filter>Common\Math</Filter>
    </ClInclude>
    <ClInclude Include="Random.hpp">
      <Filter>Common\Math\Random</Filter>
    </ClInclude>
    <ClInclude Include="PerlinNoise.hpp">
      <Filter>Common\Math\Random\Noise</Filter>
    </ClInclude>
    <ClInclude Include="Debug.hpp">
      <Filter>Common\Platform\Debug</Filter>
    </ClInclude>
    <ClInclude Include="Override.hpp">
      <Filter>Common\Prototypes</Filter>
    </ClInclude>
    <ClInclude Include="BranchStructure.hpp">
      <Filter>Common\Math\Graphs\Branch Structure</Filter>
    </ClInclude>
    <ClInclude Include="Plot.hpp">
      <Filter>Common\Math\Graphs\Plot</Filter>
    </ClInclude>
    <ClInclude Include="Queue.hpp">
      <Filter>Common\Datastructures\Queue</Filter>
    </ClInclude>
    <ClInclude Include="NeuralNetwork.hpp">
      <Filter>Systems\Neural Network</Filter>
    </ClInclude>
    <ClInclude Include="FileSystem.hpp">
      <Filter>Common\Platform\FileSystem</Filter>
    </ClInclude>
    <ClInclude Include="Compiler.hpp">
      <Filter>Common\Compiler</Filter>
    </ClInclude>
    <ClInclude Include="File.hpp">
      <Filter>Common\Platform\FileSystem\File</Filter>
    </ClInclude>
    <ClInclude Include="TiledMath.hpp">
      <Filter>Common\Math\TiledMath</Filter>
    </ClInclude>
    <ClInclude Include="Transform.hpp">
      <Filter>Common\Data\Transform</Filter>
    </ClInclude>
    <ClInclude Include="Time.hpp">
      <Filter>Common\Platform\Time</Filter>
    </ClInclude>
    <ClInclude Include="Name.hpp">
      <Filter>Common\Datastructures\Name</Filter>
    </ClInclude>
    <ClInclude Include="DungeonsAndDiscord.hpp">
      <Filter>Apps\3D Apps\DungeonsAndDiscord</Filter>
    </ClInclude>
    <ClInclude Include="GPUSim.hpp">
      <Filter>Apps\2D Apps\GPUSim</Filter>
    </ClInclude>
    <ClInclude Include="FlappyBird.hpp">
      <Filter>Apps\3D Apps\Flappy Bird</Filter>
    </ClInclude>
    <ClInclude Include="MoonCrash.hpp">
      <Filter>Apps\3D Apps\Mooncrash</Filter>
    </ClInclude>
    <ClInclude Include="MindMapper.hpp">
      <Filter>Apps\2D Apps\Mind Mapper</Filter>
    </ClInclude>
    <ClInclude Include="Molecules2D.hpp">
      <Filter>Apps\2D Apps\Molecules 2D</Filter>
    </ClInclude>
    <ClInclude Include="ImageViewer.hpp">
      <Filter>Apps\2D Apps\Image Viewer</Filter>
    </ClInclude>
    <ClInclude Include="MathDNA.hpp">
      <Filter>Systems\Math DNA</Filter>
    </ClInclude>
    <ClInclude Include="MindMap.hpp">
      <Filter>Systems\Mind Map</Filter>
    </ClInclude>
    <ClInclude Include="ORKAIntroSequence.hpp">
      <Filter>Apps\3D Apps\ORKA Intro Sequence</Filter>
    </ClInclude>
    <ClInclude Include="ULLUtil.hpp">
      <Filter>Common\Math\ULLUtil</Filter>
    </ClInclude>
    <ClInclude Include="Sandbox.hpp">
      <Filter>Apps\3D Apps\Sandbox</Filter>
    </ClInclude>
    <ClInclude Include="AIPlayground.hpp">
      <Filter>Apps\2D Apps\AIPlayground</Filter>
    </ClInclude>
    <ClInclude Include="PhysicsPlayground.hpp">
      <Filter>Apps\2D Apps\Physics Playground</Filter>
    </ClInclude>
    <ClInclude Include="Pong.hpp">
      <Filter>Apps\2D Apps\Pong</Filter>
    </ClInclude>
    <ClInclude Include="ProjectMelon.hpp">
      <Filter>Apps\3D Apps\Project Melon</Filter>
    </ClInclude>
    <ClInclude Include="TripleNine.hpp">
      <Filter>Apps\3D Apps\TripleNine</Filter>
    </ClInclude>
    <ClInclude Include="SimpleRTS.hpp">
      <Filter>Apps\3D Apps\Simple RTS</Filter>
    </ClInclude>
    <ClInclude Include="Snake.hpp">
      <Filter>Apps\3D Apps\Snake</Filter>
    </ClInclude>
    <ClInclude Include="UISandbox.hpp">
      <Filter>Apps\2D Apps\UISandbox</Filter>
    </ClInclude>
    <ClInclude Include="optick\optick.config.h">
      <Filter>Systems\Profiler\Optick</Filter>
    </ClInclude>
    <ClInclude Include="optick\optick.h">
      <Filter>Systems\Profiler\Optick</Filter>
    </ClInclude>
    <ClInclude Include="optick\optick_capi.h">
      <Filter>Systems\Profiler\Optick</Filter>
    </ClInclude>
    <ClInclude Include="optick\optick_common.h">
      <Filter>Systems\Profiler\Optick</Filter>
    </ClInclude>
    <ClInclude Include="optick\optick_core.freebsd.h">
      <Filter>Systems\Profiler\Optick</Filter>
    </ClInclude>
    <ClInclude Include="optick\optick_core.h">
      <Filter>Systems\Profiler\Optick</Filter>
    </ClInclude>
    <ClInclude Include="optick\optick_core.linux.h">
      <Filter>Systems\Profiler\Optick</Filter>
    </ClInclude>
    <ClInclude Include="optick\optick_core.macos.h">
      <Filter>Systems\Profiler\Optick</Filter>
    </ClInclude>
    <ClInclude Include="optick\optick_core.platform.h">
      <Filter>Systems\Profiler\Optick</Filter>
    </ClInclude>
    <ClInclude Include="optick\optick_core.win.h">
      <Filter>Systems\Profiler\Optick</Filter>
    </ClInclude>
    <ClInclude Include="optick\optick_gpu.h">
      <Filter>Systems\Profiler\Optick</Filter>
    </ClInclude>
    <ClInclude Include="optick\optick_memory.h">
      <Filter>Systems\Profiler\Optick</Filter>
    </ClInclude>
    <ClInclude Include="optick\optick_message.h">
      <Filter>Systems\Profiler\Optick</Filter>
    </ClInclude>
    <ClInclude Include="optick\optick_miniz.h">
      <Filter>Systems\Profiler\Optick</Filter>
    </ClInclude>
    <ClInclude Include="optick\optick_serialization.h">
      <Filter>Systems\Profiler\Optick</Filter>
    </ClInclude>
    <ClInclude Include="optick\optick_server.h">
      <Filter>Systems\Profiler\Optick</Filter>
    </ClInclude>
    <ClInclude Include="RedDotHack.hpp">
      <Filter>Apps\Console Apps\Red Dot Hack</Filter>
    </ClInclude>
    <ClInclude Include="SDFRenderer.hpp">
      <Filter>Apps\3D Apps\SDFRenderer</Filter>
    </ClInclude>
    <ClInclude Include="SimpleRTSTreeSystem.hpp">
      <Filter>Apps\3D Apps\Simple RTS\SimpleRTSTreeSystem</Filter>
    </ClInclude>
    <ClInclude Include="LifeTimeGuard.hpp">
      <Filter>Common\Prototypes</Filter>
    </ClInclude>
    <ClInclude Include="ResourceManager.hpp">
      <Filter>Systems\ResourceManager</Filter>
    </ClInclude>
    <ClInclude Include="FileTypes.hpp">
      <Filter>Common\Platform\FileSystem\File\FileTypes</Filter>
    </ClInclude>
    <ClInclude Include="Organizer.hpp">
      <Filter>Apps\2D Apps\Organizer</Filter>
    </ClInclude>
    <ClInclude Include="Logger.hpp">
      <Filter>Common\Platform\Debug\Logger</Filter>
    </ClInclude>
    <ClInclude Include="TreeSystem.hpp">
      <Filter>Systems\TreeSystem</Filter>
    </ClInclude>
    <ClInclude Include="SphereMeshing.hpp">
      <Filter>Systems\Meshing</Filter>
    </ClInclude>
    <ClInclude Include="AudioSystem.hpp">
      <Filter>Systems\Audio</Filter>
    </ClInclude>
    <ClInclude Include="ASIONetworking.hpp">
      <Filter>Systems\Networking</Filter>
    </ClInclude>
    <ClInclude Include="Server.hpp">
      <Filter>Systems\Networking</Filter>
    </ClInclude>
    <ClInclude Include="NeighborQuadtree.hpp">
      <Filter>Common\Datastructures\Quadtree\Neighbor Quadtree</Filter>
    </ClInclude>
    <ClInclude Include="NeighborOctree.hpp">
      <Filter>Common\Datastructures\Octree\Neighbor Octree</Filter>
    </ClInclude>
    <ClInclude Include="Game.hpp">
      <Filter>Systems\Game</Filter>
    </ClInclude>
    <ClInclude Include="GuessingGame.hpp">
      <Filter>Apps\Console Apps</Filter>
    </ClInclude>
    <ClInclude Include="Input.hpp">
      <Filter>Systems\UserInterface\Window\Input</Filter>
    </ClInclude>
    <ClInclude Include="JobSystem.hpp">
      <Filter>Systems\JobSystem</Filter>
    </ClInclude>
    <ClInclude Include="Hello Triangle.hpp">
      <Filter>Apps\2D Apps\Hello Triangle</Filter>
    </ClInclude>
    <ClInclude Include="FramebufferTexture.hpp">
      <Filter>Systems\UserInterface\Window\Renderer\Framebuffer\FramebufferTexture</Filter>
    </ClInclude>
    <ClInclude Include="Framebuffer.hpp">
      <Filter>Systems\UserInterface\Window\Renderer\Framebuffer</Filter>
    </ClInclude>
    <ClInclude Include="CPUMesh.hpp">
      <Filter>Systems\UserInterface\Window\Renderer\MeshSystem\CPUMesh</Filter>
    </ClInclude>
    <ClInclude Include="GPUMesh.hpp">
      <Filter>Systems\UserInterface\Window\Renderer\MeshSystem\GPUMesh</Filter>
    </ClInclude>
    <ClInclude Include="MeshSystem.hpp">
      <Filter>Systems\UserInterface\Window\Renderer\MeshSystem</Filter>
    </ClInclude>
    <ClInclude Include="ProceduralMeshes.hpp">
      <Filter>Systems\Meshing\Procedural Meshes</Filter>
    </ClInclude>
    <ClInclude Include="ImguiExample.hpp">
      <Filter>Apps\2D Apps\Imgui</Filter>
    </ClInclude>
    <ClInclude Include="MSDFText.hpp">
      <Filter>Apps\2D Apps\MSDFText</Filter>
    </ClInclude>
    <ClInclude Include="SimpleRTSHuman.hpp">
      <Filter>Apps\3D Apps\Simple RTS\SimpleRTSHuman</Filter>
    </ClInclude>
    <ClInclude Include="SimpleRTSTerrain.hpp">
      <Filter>Apps\3D Apps\Simple RTS\SimpleRTSTerrain</Filter>
    </ClInclude>
    <ClInclude Include="Device.hpp">
      <Filter>Common\Platform\Device</Filter>
    </ClInclude>
    <ClInclude Include="IndexBufferObject.hpp">
      <Filter>Systems\UserInterface\Window\Renderer\MeshSystem\GPUMesh\IndexBufferObject</Filter>
    </ClInclude>
    <ClInclude Include="KeyMap.hpp">
      <Filter>Systems\UserInterface\Window\Input</Filter>
    </ClInclude>
    <ClInclude Include="LineRenderer.hpp">
      <Filter>Systems\UserInterface\Window\Renderer\LineRenderer</Filter>
    </ClInclude>
    <ClInclude Include="MatrixSystem.hpp">
      <Filter>Systems\UserInterface\Window\Renderer\MatrixSystem</Filter>
    </ClInclude>
    <ClInclude Include="Memory.hpp">
      <Filter>Common\Memory</Filter>
    </ClInclude>
    <ClInclude Include="ParticleSystem.hpp">
      <Filter>Systems\UserInterface\Window\Renderer\ParticleSystem</Filter>
    </ClInclude>
    <ClInclude Include="Player.hpp">
      <Filter>Systems\Game\Player</Filter>
    </ClInclude>
    <ClInclude Include="PointCloud.hpp">
      <Filter>Common\Math\Graphs\PointCloud</Filter>
    </ClInclude>
    <ClInclude Include="RectangleRenderer.hpp">
      <Filter>Systems\UserInterface\Window\Renderer\RectangleRenderer</Filter>
    </ClInclude>
    <ClInclude Include="GPUTexture.hpp">
      <Filter>Systems\UserInterface\Window\Renderer\TextureSystem\GPUTexture</Filter>
    </ClInclude>
    <ClInclude Include="TextureSystem.hpp">
      <Filter>Systems\UserInterface\Window\Renderer\TextureSystem</Filter>
    </ClInclude>
    <ClInclude Include="CPUTexture.hpp">
      <Filter>Systems\UserInterface\Window\Renderer\TextureSystem\CPUTexture</Filter>
    </ClInclude>
    <ClInclude Include="Renderer.hpp">
      <Filter>Systems\UserInterface\Window\Renderer</Filter>
    </ClInclude>
    <ClInclude Include="RenderObjectSystem.hpp">
      <Filter>Systems\UserInterface\Window\Renderer\RenderObjectSystem</Filter>
    </ClInclude>
    <ClInclude Include="LevelledGraph.hpp">
      <Filter>Common\Math\Graphs\LeveledGraph</Filter>
    </ClInclude>
    <ClInclude Include="RenderRegion.hpp">
      <Filter>Systems\UserInterface\Window\Renderer\RenderRegion</Filter>
    </ClInclude>
    <ClInclude Include="Camera.hpp">
      <Filter>Systems\UserInterface\Window\Renderer\Camera</Filter>
    </ClInclude>
    <ClInclude Include="GraphicsAPI.hpp">
      <Filter>Systems\UserInterface\Window\GraphicsAPI</Filter>
    </ClInclude>
    <ClInclude Include="Scene.hpp">
      <Filter>Systems\SceneSystem\Scene</Filter>
    </ClInclude>
    <ClInclude Include="Settings.hpp" />
    <ClInclude Include="SceneSystem.hpp">
      <Filter>Systems\SceneSystem</Filter>
    </ClInclude>
    <ClInclude Include="ShaderProgram.hpp">
      <Filter>Systems\UserInterface\Window\Renderer\ShaderSystem\ShaderProgram</Filter>
    </ClInclude>
    <ClInclude Include="ShaderSystem.hpp">
      <Filter>Systems\UserInterface\Window\Renderer\ShaderSystem</Filter>
    </ClInclude>
    <ClInclude Include="TextRenderSystem.hpp">
      <Filter>Systems\UserInterface\Window\Renderer\TextRenderSystem</Filter>
    </ClInclude>
    <ClInclude Include="TransformationStack.hpp">
      <Filter>Systems\UserInterface\Window\Renderer\MatrixSystem\TransformationStack</Filter>
    </ClInclude>
    <ClInclude Include="UIButton.hpp">
      <Filter>Systems\UserInterface\UIButton</Filter>
    </ClInclude>
    <ClInclude Include="UIElement.hpp">
      <Filter>Systems\UserInterface\UIElement</Filter>
    </ClInclude>
    <ClInclude Include="Uniforms.hpp">
      <Filter>Systems\UserInterface\Window\Renderer\ShaderSystem\Uniforms</Filter>
    </ClInclude>
    <ClInclude Include="UserInterface.hpp">
      <Filter>Systems\UserInterface</Filter>
    </ClInclude>
    <ClInclude Include="Window.hpp">
      <Filter>Systems\UserInterface\Window</Filter>
    </ClInclude>
    <ClInclude Include="WindowAPI.hpp">
      <Filter>Systems\UserInterface\Window\WindowAPI</Filter>
    </ClInclude>
    <ClInclude Include="Renderable.hpp">
      <Filter>Systems\UserInterface\Window\Renderer</Filter>
    </ClInclude>
    <ClInclude Include="OctreeID.hpp">
      <Filter>Apps\3D Apps\Mooncrash\PlanetSystem\OctreeNode\OctreeID</Filter>
    </ClInclude>
    <ClInclude Include="OctreeNode.hpp">
      <Filter>Apps\3D Apps\Mooncrash\PlanetSystem\OctreeNode</Filter>
    </ClInclude>
    <ClInclude Include="TerrainSystem.hpp">
      <Filter>Apps\3D Apps\Mooncrash\PlanetSystem\TerrainSystem</Filter>
    </ClInclude>
    <ClInclude Include="TerrainRendering.hpp">
      <Filter>Apps\3D Apps\Mooncrash\PlanetRenderSystem\TerrainRendering</Filter>
    </ClInclude>
    <ClInclude Include="RelativeChunkOffset.hpp">
      <Filter>Apps\3D Apps\Mooncrash\PlanetRenderSystem\OctreeSystemRenderer\RelativeChunkOffset</Filter>
    </ClInclude>
    <ClInclude Include="OctreeSystem.hpp">
      <Filter>Apps\3D Apps\Mooncrash\PlanetSystem\OctreeSystem</Filter>
    </ClInclude>
    <ClInclude Include="OctreeSystemRenderer.hpp">
      <Filter>Apps\3D Apps\Mooncrash\PlanetRenderSystem\OctreeSystemRenderer</Filter>
    </ClInclude>
    <ClInclude Include="PlanetRenderSystem.hpp">
      <Filter>Apps\3D Apps\Mooncrash\PlanetRenderSystem</Filter>
    </ClInclude>
    <ClInclude Include="PlanetSystem.hpp">
      <Filter>Apps\3D Apps\Mooncrash\PlanetSystem</Filter>
    </ClInclude>
    <ClInclude Include="PlanetSystemPlayer.hpp">
      <Filter>Apps\3D Apps\Mooncrash\PlanetSystem\PlanetSystemPlayer</Filter>
    </ClInclude>
    <ClInclude Include="QuadtreeID.hpp">
      <Filter>Apps\3D Apps\Mooncrash\PlanetSystem\QuadtreeSystem\QuadtreeNode\QuadtreeID</Filter>
    </ClInclude>
    <ClInclude Include="QuadtreeNode.hpp">
      <Filter>Apps\3D Apps\Mooncrash\PlanetSystem\QuadtreeSystem\QuadtreeNode</Filter>
    </ClInclude>
    <ClInclude Include="QuadtreeData.hpp">
      <Filter>Apps\3D Apps\Mooncrash\PlanetSystem\QuadtreeSystem\QuadtreeNode</Filter>
    </ClInclude>
    <ClInclude Include="QuadtreeSystem.hpp">
      <Filter>Apps\3D Apps\Mooncrash\PlanetSystem\QuadtreeSystem</Filter>
    </ClInclude>
    <ClInclude Include="QuadtreeSystemRenderer.hpp">
      <Filter>Apps\3D Apps\Mooncrash\PlanetRenderSystem\QuadtreeSystemRenderer</Filter>
    </ClInclude>
    <ClInclude Include="MelonPlayer.hpp">
      <Filter>Apps\3D Apps\Project Melon\MelonPlayer</Filter>
    </ClInclude>
    <ClInclude Include="MelonWorld.hpp">
      <Filter>Apps\3D Apps\Project Melon\MelonWorld</Filter>
    </ClInclude>
    <ClInclude Include="InfiniteDetailPrototype.hpp">
      <Filter>Apps\Console Apps\InfiniteDetailPrototype</Filter>
    </ClInclude>
    <ClInclude Include="NameGenerator.hpp">
      <Filter>Apps\Console Apps\NameGenerator</Filter>
    </ClInclude>
    <ClInclude Include="Vectors.hpp">
      <Filter>Common\Datastructures</Filter>
    </ClInclude>
    <ClInclude Include="Image.hpp">
      <Filter>Common\Data\Image</Filter>
    </ClInclude>
    <ClInclude Include="Heightmap.hpp">
      <Filter>Common\Data\Heightmap</Filter>
    </ClInclude>
    <ClInclude Include="Profiler.hpp">
      <Filter>Systems\Profiler</Filter>
    </ClInclude>
    <ClInclude Include="Platform.hpp">
      <Filter>Common\Platform</Filter>
    </ClInclude>
    <ClInclude Include="PhysicsSystem.hpp">
      <Filter>Systems\PhysicsSystem</Filter>
    </ClInclude>
    <ClInclude Include="Collision.hpp">
      <Filter>Systems\PhysicsSystem\Collision</Filter>
    </ClInclude>
    <ClInclude Include="VoxelRenderer.hpp">
      <Filter>Systems\Meshing\VoxelMeshing</Filter>
    </ClInclude>
    <ClInclude Include="Client.hpp">
      <Filter>Systems\Networking\Client</Filter>
    </ClInclude>
    <ClInclude Include="Message.hpp">
      <Filter>Systems\Networking\Message</Filter>
    </ClInclude>
    <ClInclude Include="Networking.hpp">
      <Filter>Systems\Networking\Networking</Filter>
    </ClInclude>
    <ClInclude Include="BitmapTextRenderSystem.hpp">
      <Filter>Systems\UserInterface\Window\Renderer\TextRenderSystem\BitmapTextRenderSystem</Filter>
    </ClInclude>
    <ClInclude Include="GlyphTextRenderSystem.hpp">
      <Filter>Systems\UserInterface\Window\Renderer\TextRenderSystem\GlyphTextRenderSystem</Filter>
    </ClInclude>
    <ClInclude Include="Sortr.hpp">
      <Filter>Apps\2D Apps\Sortr</Filter>
    </ClInclude>
    <ClInclude Include="Orbital Oblivion.hpp">
      <Filter>Apps\3D Apps\OrbitalOblivion</Filter>
    </ClInclude>
    <ClInclude Include="PrototypingSandbox.hpp">
      <Filter>Apps\3D Apps\Prototyping</Filter>
    </ClInclude>
    <ClInclude Include="Prototype.hpp">
      <Filter>Apps\3D Apps\Prototyping</Filter>
    </ClInclude>
    <ClInclude Include="AxisNeighborPrototype.hpp">
      <Filter>Apps\3D Apps\Prototyping\Prototypes</Filter>
    </ClInclude>
    <ClInclude Include="UIContainer.hpp">
      <Filter>Systems\UserInterface\UIContainer</Filter>
    </ClInclude>
    <ClInclude Include="InputSystem.hpp" />
    <ClInclude Include="JobQueue.hpp">
      <Filter>Common\Datastructures\JobQueue</Filter>
    </ClInclude>
    <ClInclude Include="Engine.hpp">
      <Filter>Systems\Engine</Filter>
    </ClInclude>
  </ItemGroup>
  <ItemGroup>
    <None Include="Files\Data\Shaders\water.vert">
      <Filter>Shaders</Filter>
    </None>
    <None Include="Data\Shaders\tripleNineSky.vert">
      <Filter>Apps\3D Apps\TripleNine\Shaders</Filter>
    </None>
    <None Include="Data\Shaders\tripleNineSky.frag">
      <Filter>Apps\3D Apps\TripleNine\Shaders</Filter>
    </None>
    <None Include="Data\Shaders\tripleNineMap.frag">
      <Filter>Apps\3D Apps\TripleNine\Shaders</Filter>
    </None>
    <None Include="Data\Shaders\tripleNineMap.vert">
      <Filter>Apps\3D Apps\TripleNine\Shaders</Filter>
    </None>
    <None Include="Data\Shaders\tonemapping.frag">
      <Filter>Shaders</Filter>
    </None>
    <None Include="Data\Shaders\tonemapping.vert">
      <Filter>Shaders</Filter>
    </None>
    <None Include="Data\Shaders\bloomDownsample.frag">
      <Filter>Shaders\High Quality Bloom</Filter>
    </None>
    <None Include="Data\Shaders\bloomDownsample.vert">
      <Filter>Shaders\High Quality Bloom</Filter>
    </None>
    <None Include="Data\Shaders\bloomPrefilter.frag">
      <Filter>Shaders\High Quality Bloom</Filter>
    </None>
    <None Include="Data\Shaders\bloomPrefilter.vert">
      <Filter>Shaders\High Quality Bloom</Filter>
    </None>
    <None Include="Data\Shaders\bloomUpsample.frag">
      <Filter>Shaders\High Quality Bloom</Filter>
    </None>
    <None Include="Data\Shaders\bloomUpsample.vert">
      <Filter>Shaders\High Quality Bloom</Filter>
    </None>
    <None Include="Data\Shaders\lastBloomUpsample.frag">
      <Filter>Shaders\High Quality Bloom</Filter>
    </None>
    <None Include="Data\Shaders\lastBloomUpsample.vert">
      <Filter>Shaders\High Quality Bloom</Filter>
    </None>
    <None Include="Data\Shaders\atmosphere.frag">
      <Filter>Shaders</Filter>
    </None>
    <None Include="Data\Shaders\atmosphere.vert">
      <Filter>Shaders</Filter>
    </None>
    <None Include="Data\Shaders\blur.frag">
      <Filter>Shaders</Filter>
    </None>
    <None Include="Data\Shaders\blur.vert">
      <Filter>Shaders</Filter>
    </None>
    <None Include="Data\Shaders\blurredUI.frag">
      <Filter>Shaders</Filter>
    </None>
    <None Include="Data\Shaders\blurredUI.vert">
      <Filter>Shaders</Filter>
    </None>
    <None Include="Data\Shaders\color.frag">
      <Filter>Shaders</Filter>
    </None>
    <None Include="Data\Shaders\color.vert">
      <Filter>Shaders</Filter>
    </None>
    <None Include="Data\Shaders\debug.frag">
      <Filter>Shaders</Filter>
    </None>
    <None Include="Data\Shaders\debug.vert">
      <Filter>Shaders</Filter>
    </None>
    <None Include="Data\Shaders\debugID.frag">
      <Filter>Shaders</Filter>
    </None>
    <None Include="Data\Shaders\debugID.vert">
      <Filter>Shaders</Filter>
    </None>
    <None Include="Data\Shaders\depthCutter.frag">
      <Filter>Shaders</Filter>
    </None>
    <None Include="Data\Shaders\depthCutter.vert">
      <Filter>Shaders</Filter>
    </None>
    <None Include="Data\Shaders\final.frag">
      <Filter>Shaders</Filter>
    </None>
    <None Include="Data\Shaders\final.vert">
      <Filter>Shaders</Filter>
    </None>
    <None Include="Data\Shaders\gammaCorrection.frag">
      <Filter>Shaders</Filter>
    </None>
    <None Include="Data\Shaders\gammaCorrection.vert">
      <Filter>Shaders</Filter>
    </None>
    <None Include="Data\Shaders\idShader.frag">
      <Filter>Shaders</Filter>
    </None>
    <None Include="Data\Shaders\idShader.vert">
      <Filter>Shaders</Filter>
    </None>
    <None Include="Data\Shaders\msdfFont.frag">
      <Filter>Shaders</Filter>
    </None>
    <None Include="Data\Shaders\msdfFont.vert">
      <Filter>Shaders</Filter>
    </None>
    <None Include="Data\Shaders\mxAO.frag">
      <Filter>Shaders</Filter>
    </None>
    <None Include="Data\Shaders\normals.frag">
      <Filter>Shaders</Filter>
    </None>
    <None Include="Data\Shaders\normals.vert">
      <Filter>Shaders</Filter>
    </None>
    <None Include="Data\Shaders\orbitalOblivion.frag">
      <Filter>Shaders</Filter>
    </None>
    <None Include="Data\Shaders\orbitalOblivion.vert">
      <Filter>Shaders</Filter>
    </None>
    <None Include="Data\Shaders\orkaIntroSequence.frag">
      <Filter>Shaders</Filter>
    </None>
    <None Include="Data\Shaders\orkaIntroSequence.vert">
      <Filter>Shaders</Filter>
    </None>
    <None Include="Data\Shaders\postProcess.frag">
      <Filter>Shaders</Filter>
    </None>
    <None Include="Data\Shaders\postProcess.vert">
      <Filter>Shaders</Filter>
    </None>
    <None Include="Data\Shaders\primitive.frag">
      <Filter>Shaders</Filter>
    </None>
    <None Include="Data\Shaders\primitive.vert">
      <Filter>Shaders</Filter>
    </None>
    <None Include="Data\Shaders\sdfOctreeTerrain.frag">
      <Filter>Shaders</Filter>
    </None>
    <None Include="Data\Shaders\sdfOctreeTerrain.vert">
      <Filter>Shaders</Filter>
    </None>
    <None Include="Data\Shaders\sdfTerrain.frag">
      <Filter>Shaders</Filter>
    </None>
    <None Include="Data\Shaders\sdfTerrain.vert">
      <Filter>Shaders</Filter>
    </None>
    <None Include="Data\Shaders\simpleRTS.frag">
      <Filter>Shaders</Filter>
    </None>
    <None Include="Data\Shaders\simpleRTS.vert">
      <Filter>Shaders</Filter>
    </None>
    <None Include="Data\Shaders\sky.frag">
      <Filter>Shaders</Filter>
    </None>
    <None Include="Data\Shaders\sky.vert">
      <Filter>Shaders</Filter>
    </None>
    <None Include="Data\Shaders\sphereRendering.frag">
      <Filter>Shaders</Filter>
    </None>
    <None Include="Data\Shaders\sphereRendering.vert">
      <Filter>Shaders</Filter>
    </None>
    <None Include="Data\Shaders\terrain.frag">
      <Filter>Shaders</Filter>
    </None>
    <None Include="Data\Shaders\terrain.vert">
      <Filter>Shaders</Filter>
    </None>
    <None Include="Data\Shaders\text.frag">
      <Filter>Shaders</Filter>
    </None>
    <None Include="Data\Shaders\text.vert">
      <Filter>Shaders</Filter>
    </None>
    <None Include="Data\Shaders\texture.frag">
      <Filter>Shaders</Filter>
    </None>
    <None Include="Data\Shaders\texture.vert">
      <Filter>Shaders</Filter>
    </None>
    <None Include="Data\Shaders\ui.frag">
      <Filter>Shaders</Filter>
    </None>
    <None Include="Data\Shaders\ui.vert">
      <Filter>Shaders</Filter>
    </None>
    <None Include="Data\Shaders\uniforms.glsl">
      <Filter>Shaders</Filter>
    </None>
    <None Include="Data\Shaders\unlit.frag">
      <Filter>Shaders</Filter>
    </None>
    <None Include="Data\Shaders\unlit.vert">
      <Filter>Shaders</Filter>
    </None>
    <None Include="Data\Shaders\vertexColor.frag">
      <Filter>Shaders</Filter>
    </None>
    <None Include="Data\Shaders\vertexColor.vert">
      <Filter>Shaders</Filter>
    </None>
    <None Include="Data\Shaders\water.frag">
      <Filter>Shaders</Filter>
    </None>
    <None Include="Data\Shaders\water.vert">
      <Filter>Shaders</Filter>
    </None>
    <None Include="Data\Shaders\tripleNineAO.vert">
      <Filter>Apps\3D Apps\TripleNine\Shaders</Filter>
    </None>
    <None Include="Data\Shaders\tripleNineAO.frag">
      <Filter>Apps\3D Apps\TripleNine\Shaders</Filter>
    </None>
    <None Include="Data\Shaders\tripleNineFirstBounce.frag">
      <Filter>Apps\3D Apps\TripleNine\Shaders</Filter>
    </None>
    <None Include="Data\Shaders\tripleNineFirstBounce.vert">
      <Filter>Apps\3D Apps\TripleNine\Shaders</Filter>
    </None>
    <None Include="Data\DungeonsAndDiscord\dndUberShader.frag">
      <Filter>Apps\3D Apps\DungeonsAndDiscord\Shaders</Filter>
    </None>
    <None Include="Data\DungeonsAndDiscord\dndUberShader.vert">
      <Filter>Apps\3D Apps\DungeonsAndDiscord\Shaders</Filter>
    </None>
    <None Include="Data\DungeonsAndDiscord\dndSky.frag">
      <Filter>Apps\3D Apps\DungeonsAndDiscord\Shaders</Filter>
    </None>
    <None Include="Data\DungeonsAndDiscord\dndSky.vert">
      <Filter>Apps\3D Apps\DungeonsAndDiscord\Shaders</Filter>
    </None>
    <None Include="Data\Shaders\sdfScene.frag">
      <Filter>Apps\3D Apps\SDFRenderer\Shaders</Filter>
    </None>
    <None Include="Data\Shaders\sdfScene.vert">
      <Filter>Apps\3D Apps\SDFRenderer\Shaders</Filter>
    </None>
    <None Include="Data\Shaders\imageViewer.frag">
      <Filter>Apps\2D Apps\Image Viewer\Shaders</Filter>
    </None>
    <None Include="Data\Shaders\imageViewer.vert">
      <Filter>Apps\2D Apps\Image Viewer\Shaders</Filter>
    </None>
    <None Include="Data\Shaders\flappyBird.frag">
      <Filter>Apps\3D Apps\Flappy Bird\Shaders</Filter>
    </None>
    <None Include="Data\Shaders\flappyBird.vert">
      <Filter>Apps\3D Apps\Flappy Bird\Shaders</Filter>
    </None>
    <None Include="Data\Shaders\gpuSim.frag">
      <Filter>Apps\2D Apps\GPUSim\Shaders</Filter>
    </None>
    <None Include="Data\Shaders\gpuSim.vert">
      <Filter>Apps\2D Apps\GPUSim\Shaders</Filter>
    </None>
    <None Include="Data\shaders\mooncrashVertexColor.frag">
      <Filter>Apps\3D Apps\Mooncrash\Shaders</Filter>
    </None>
    <None Include="Data\shaders\mooncrashVertexColor.vert">
      <Filter>Apps\3D Apps\Mooncrash\Shaders</Filter>
    </None>
    <None Include="Data\shaders\MelonUberShader.frag">
      <Filter>Apps\3D Apps\Project Melon\Shaders</Filter>
    </None>
    <None Include="Data\shaders\MelonUberShader.vert">
      <Filter>Apps\3D Apps\Project Melon\Shaders</Filter>
    </None>
    <None Include="Data\Shaders\sortr.frag">
      <Filter>Apps\2D Apps\Sortr\Shaders</Filter>
    </None>
    <None Include="Data\Shaders\sortr.vert">
      <Filter>Apps\2D Apps\Sortr\Shaders</Filter>
    </None>
  </ItemGroup>
  <ItemGroup>
    <Filter Include="Common">
      <UniqueIdentifier>{cc7f7dc6-48b8-4aab-9351-df661d3477c4}</UniqueIdentifier>
    </Filter>
    <Filter Include="Misc">
      <UniqueIdentifier>{8936675f-f560-4be2-8f94-6cccd3d91cc0}</UniqueIdentifier>
    </Filter>
    <Filter Include="Systems">
      <UniqueIdentifier>{b4f2b5de-70d4-4e92-ae12-f3bd645a0851}</UniqueIdentifier>
    </Filter>
    <Filter Include="Common\Datastructures">
      <UniqueIdentifier>{5a5dae91-e254-40ff-b04f-2df22cfa42e4}</UniqueIdentifier>
    </Filter>
    <Filter Include="Common\Datastructures\Array2D">
      <UniqueIdentifier>{8144cab6-c05c-4cb3-9639-cba72a7e35e1}</UniqueIdentifier>
    </Filter>
    <Filter Include="Common\Math">
      <UniqueIdentifier>{51c441a2-072c-4a00-a326-c687f7d9bea1}</UniqueIdentifier>
    </Filter>
    <Filter Include="Common\Math\Random">
      <UniqueIdentifier>{fc6782f3-9e6c-4d2f-8bf4-db7e947e4aa6}</UniqueIdentifier>
    </Filter>
    <Filter Include="Common\Math\Random\Noise">
      <UniqueIdentifier>{4ca21153-d75b-4a0d-8e89-6a7a9135abe9}</UniqueIdentifier>
    </Filter>
    <Filter Include="Common\Prototypes">
      <UniqueIdentifier>{b6877651-95d5-4f7c-8e7d-38bb90b45f1f}</UniqueIdentifier>
    </Filter>
    <Filter Include="Common\Math\Graphs">
      <UniqueIdentifier>{af453678-0429-49b9-806e-40ac4c7d45e8}</UniqueIdentifier>
    </Filter>
    <Filter Include="Common\Math\Graphs\Branch Structure">
      <UniqueIdentifier>{1f3a7eaa-ecb2-4204-9282-ae83bdb14bd9}</UniqueIdentifier>
    </Filter>
    <Filter Include="Common\Math\Graphs\Plot">
      <UniqueIdentifier>{054b8d76-c0e9-4bb7-ae8d-9815297df0d8}</UniqueIdentifier>
    </Filter>
    <Filter Include="Common\Datastructures\Queue">
      <UniqueIdentifier>{cd509f38-a3fe-430e-85ff-bd85fabb6714}</UniqueIdentifier>
    </Filter>
    <Filter Include="Apps">
      <UniqueIdentifier>{9405f26b-f7ef-4dd5-ba29-43c066cb3e19}</UniqueIdentifier>
    </Filter>
    <Filter Include="Systems\Math DNA">
      <UniqueIdentifier>{6feaaf38-18fa-4183-9a92-3ef203e58ba9}</UniqueIdentifier>
    </Filter>
    <Filter Include="Systems\Mind Map">
      <UniqueIdentifier>{955882f6-aa27-4771-bff9-a1ffaf2b277b}</UniqueIdentifier>
    </Filter>
    <Filter Include="Systems\Neural Network">
      <UniqueIdentifier>{4ccdf138-e2d7-467f-904e-d59bdaf5b7e1}</UniqueIdentifier>
    </Filter>
    <Filter Include="Common\Compiler">
      <UniqueIdentifier>{112d411e-1f4b-4885-9d2e-c9b135d9fb8d}</UniqueIdentifier>
    </Filter>
    <Filter Include="Common\Datastructures\Quadtree">
      <UniqueIdentifier>{f3d68cc9-575c-416d-aae3-483338901965}</UniqueIdentifier>
    </Filter>
    <Filter Include="Apps\3D Apps">
      <UniqueIdentifier>{ffa1286d-e51d-41fd-9b65-ae4859444c80}</UniqueIdentifier>
    </Filter>
    <Filter Include="Apps\2D Apps">
      <UniqueIdentifier>{ea33313c-19e9-4c28-97ad-438b24a563a8}</UniqueIdentifier>
    </Filter>
    <Filter Include="Apps\Console Apps">
      <UniqueIdentifier>{d5c21d45-a7b8-463c-ac82-e2c9b51f13a6}</UniqueIdentifier>
    </Filter>
    <Filter Include="Apps\3D Apps\Flappy Bird">
      <UniqueIdentifier>{ec7c70c1-bf0c-483a-b082-633c64862334}</UniqueIdentifier>
    </Filter>
    <Filter Include="Apps\3D Apps\Mooncrash">
      <UniqueIdentifier>{6ccb7127-5320-453a-ba08-b3e81478d853}</UniqueIdentifier>
    </Filter>
    <Filter Include="Apps\3D Apps\Project Melon">
      <UniqueIdentifier>{28c66db5-55e5-4910-bbb2-cc3db3a18376}</UniqueIdentifier>
    </Filter>
    <Filter Include="Apps\2D Apps\Mind Mapper">
      <UniqueIdentifier>{170dc92d-a93c-4aa3-8e46-116543f28d11}</UniqueIdentifier>
    </Filter>
    <Filter Include="Apps\2D Apps\Image Viewer">
      <UniqueIdentifier>{c1bf3cd5-deb1-4fdc-8393-9df6bff0cb9c}</UniqueIdentifier>
    </Filter>
    <Filter Include="Apps\2D Apps\Molecules 2D">
      <UniqueIdentifier>{b7afef1a-c870-4600-a05a-c97e844cc41c}</UniqueIdentifier>
    </Filter>
    <Filter Include="Apps\2D Apps\Image Viewer\Shaders">
      <UniqueIdentifier>{8324659d-5bfc-46b4-b803-0ef6270be6b1}</UniqueIdentifier>
    </Filter>
    <Filter Include="Apps\3D Apps\Sandbox">
      <UniqueIdentifier>{bd50c161-7534-41c6-a301-22dcabb6890b}</UniqueIdentifier>
    </Filter>
    <Filter Include="Apps\3D Apps\DungeonsAndDiscord">
      <UniqueIdentifier>{ebbd9fca-c677-46f3-a2de-fde6a20596a1}</UniqueIdentifier>
    </Filter>
    <Filter Include="Apps\2D Apps\AIPlayground">
      <UniqueIdentifier>{798dbce9-2905-4389-ba9c-164500ed75c2}</UniqueIdentifier>
    </Filter>
    <Filter Include="Apps\2D Apps\Physics Playground">
      <UniqueIdentifier>{a354b02b-001e-4a9d-b69c-f86fe4de8387}</UniqueIdentifier>
    </Filter>
    <Filter Include="Apps\2D Apps\Pong">
      <UniqueIdentifier>{01b93929-944e-4b23-b89e-7e66d62c4848}</UniqueIdentifier>
    </Filter>
    <Filter Include="Apps\2D Apps\GPUSim">
      <UniqueIdentifier>{84328004-b992-475d-8539-0521798a23d9}</UniqueIdentifier>
    </Filter>
    <Filter Include="Apps\3D Apps\ORKA Intro Sequence">
      <UniqueIdentifier>{45238f7d-2d78-4f15-873e-4800033c59c3}</UniqueIdentifier>
    </Filter>
    <Filter Include="Apps\3D Apps\Simple RTS">
      <UniqueIdentifier>{c518507f-af21-4f12-943d-7fc3faf54b9c}</UniqueIdentifier>
    </Filter>
    <Filter Include="Apps\3D Apps\Snake">
      <UniqueIdentifier>{278e34ba-bb32-495a-b4dd-d94d2f665ce4}</UniqueIdentifier>
    </Filter>
    <Filter Include="Apps\2D Apps\UISandbox">
      <UniqueIdentifier>{2647ab04-846e-4d7e-af69-330fd4b2dedb}</UniqueIdentifier>
    </Filter>
    <Filter Include="Apps\Console Apps\Red Dot Hack">
      <UniqueIdentifier>{d38fd067-26a3-41e6-b226-631c47430093}</UniqueIdentifier>
    </Filter>
    <Filter Include="Apps\3D Apps\TripleNine">
      <UniqueIdentifier>{fb747f81-4d70-4141-8c82-ceadf2a4d0f1}</UniqueIdentifier>
    </Filter>
    <Filter Include="Apps\3D Apps\TripleNine\Shaders">
      <UniqueIdentifier>{2a34102a-7e08-4419-9157-911604061529}</UniqueIdentifier>
    </Filter>
    <Filter Include="Apps\3D Apps\DungeonsAndDiscord\Shaders">
      <UniqueIdentifier>{2cb5a542-3920-4978-b38c-8959729444f1}</UniqueIdentifier>
    </Filter>
    <Filter Include="Apps\3D Apps\Simple RTS\SimpleRTSHuman">
      <UniqueIdentifier>{2f38b484-4d3e-4372-9d00-0f1a75077827}</UniqueIdentifier>
    </Filter>
    <Filter Include="Apps\3D Apps\Simple RTS\SimpleRTSTerrain">
      <UniqueIdentifier>{4d0ea18b-31c7-422b-8b19-72a21fd6c151}</UniqueIdentifier>
    </Filter>
    <Filter Include="Apps\3D Apps\Simple RTS\SimpleRTSTreeSystem">
      <UniqueIdentifier>{38a74497-f9d1-4f46-9d9d-6893ad0f1c34}</UniqueIdentifier>
    </Filter>
    <Filter Include="Apps\2D Apps\Organizer">
      <UniqueIdentifier>{7f7cd27c-845d-4ac8-917a-86a258a5917f}</UniqueIdentifier>
    </Filter>
    <Filter Include="Systems\Meshing">
      <UniqueIdentifier>{136fe4ff-c5ed-4bbe-a11e-f78394753435}</UniqueIdentifier>
    </Filter>
    <Filter Include="Systems\ResourceManager">
      <UniqueIdentifier>{b024b6b3-2fbb-4c08-9956-00024351b940}</UniqueIdentifier>
    </Filter>
    <Filter Include="Systems\Audio">
      <UniqueIdentifier>{c0019521-3abf-49e3-ae9c-9fedff0fad84}</UniqueIdentifier>
    </Filter>
    <Filter Include="Systems\Networking">
      <UniqueIdentifier>{7d8dbcd4-599d-469b-b486-e1da91457632}</UniqueIdentifier>
    </Filter>
    <Filter Include="Common\Datastructures\Quadtree\Neighbor Quadtree">
      <UniqueIdentifier>{32479499-ff82-4c17-9180-acd64080c3c8}</UniqueIdentifier>
    </Filter>
    <Filter Include="Common\Datastructures\Octree">
      <UniqueIdentifier>{efc75591-acc1-4824-aea4-68eeef4e6287}</UniqueIdentifier>
    </Filter>
    <Filter Include="Common\Datastructures\Octree\Neighbor Octree">
      <UniqueIdentifier>{dc2a60fc-a7de-40d8-9f24-d9740bb9ce0c}</UniqueIdentifier>
    </Filter>
    <Filter Include="Systems\JobSystem">
      <UniqueIdentifier>{7dba7bf1-19af-4ff5-b5a2-59722ea93286}</UniqueIdentifier>
    </Filter>
    <Filter Include="Apps\2D Apps\Hello Triangle">
      <UniqueIdentifier>{30f0e54c-87c5-444c-9de4-f39a7e35dda5}</UniqueIdentifier>
    </Filter>
    <Filter Include="Systems\Meshing\Procedural Meshes">
      <UniqueIdentifier>{c2fd9335-c686-4894-ae9b-52f1c149d7d4}</UniqueIdentifier>
    </Filter>
    <Filter Include="Apps\3D Apps\SDFRenderer">
      <UniqueIdentifier>{ffad30da-06bc-48a9-96c9-7ef9f4ef4536}</UniqueIdentifier>
    </Filter>
    <Filter Include="Apps\3D Apps\SDFRenderer\Shaders">
      <UniqueIdentifier>{858f325e-3999-47b8-a868-3a7becc21f37}</UniqueIdentifier>
    </Filter>
    <Filter Include="Apps\3D Apps\Flappy Bird\Shaders">
      <UniqueIdentifier>{a20a3031-6bf3-41b8-a8cd-654e232af350}</UniqueIdentifier>
    </Filter>
    <Filter Include="Apps\2D Apps\GPUSim\Shaders">
      <UniqueIdentifier>{5093d9db-c67d-48c7-9557-d2986e6358ff}</UniqueIdentifier>
    </Filter>
    <Filter Include="Apps\2D Apps\Imgui">
      <UniqueIdentifier>{8422808a-175e-4e8f-b8e9-6d2153991cf2}</UniqueIdentifier>
    </Filter>
    <Filter Include="Apps\2D Apps\MSDFText">
      <UniqueIdentifier>{d2c110fa-3ba1-4a8c-87a0-13ab36b88c7f}</UniqueIdentifier>
    </Filter>
    <Filter Include="Common\Math\Graphs\LeveledGraph">
      <UniqueIdentifier>{bedff330-7c8d-42d3-813f-2dd007929339}</UniqueIdentifier>
    </Filter>
    <Filter Include="Systems\UserInterface">
      <UniqueIdentifier>{ef171534-caff-475a-8456-47ac18be609c}</UniqueIdentifier>
    </Filter>
    <Filter Include="Systems\UserInterface\UIElement">
      <UniqueIdentifier>{fbf9a91e-3a84-4389-b1a9-637eebe785e4}</UniqueIdentifier>
    </Filter>
    <Filter Include="Systems\UserInterface\UIButton">
      <UniqueIdentifier>{4ce34e4b-e245-404a-9f5e-e639e3a7e46c}</UniqueIdentifier>
    </Filter>
    <Filter Include="Systems\UserInterface\Window">
      <UniqueIdentifier>{f3bff6a8-3354-43c7-a98d-50dbb613f4a8}</UniqueIdentifier>
    </Filter>
    <Filter Include="Systems\UserInterface\Window\WindowAPI">
      <UniqueIdentifier>{617a8362-6814-4efd-ba0d-87a4673f1fae}</UniqueIdentifier>
    </Filter>
    <Filter Include="Systems\UserInterface\Window\GraphicsAPI">
      <UniqueIdentifier>{d0ea5121-af3e-478c-8833-e2b213e4ade9}</UniqueIdentifier>
    </Filter>
    <Filter Include="Systems\UserInterface\Window\Renderer">
      <UniqueIdentifier>{b23f1c63-9fda-49b0-a297-a265e887cd3b}</UniqueIdentifier>
    </Filter>
    <Filter Include="Systems\UserInterface\Window\Renderer\RenderRegion">
      <UniqueIdentifier>{95d34f8f-c4de-4d67-adfa-2f943030d109}</UniqueIdentifier>
    </Filter>
    <Filter Include="Systems\UserInterface\Window\Renderer\TextureSystem">
      <UniqueIdentifier>{c6f83b61-e1b6-4f17-8dff-3330a87c5f4d}</UniqueIdentifier>
    </Filter>
    <Filter Include="Systems\UserInterface\Window\Renderer\TextureSystem\GPUTexture">
      <UniqueIdentifier>{4c3075ee-b14d-442b-8d95-340367577862}</UniqueIdentifier>
    </Filter>
    <Filter Include="Systems\UserInterface\Window\Renderer\TextureSystem\CPUTexture">
      <UniqueIdentifier>{5363af42-9254-4f5c-85d1-89b6f486d0f7}</UniqueIdentifier>
    </Filter>
    <Filter Include="Systems\UserInterface\Window\Renderer\Text Rendering">
      <UniqueIdentifier>{04eb7452-1d0f-4a9b-8435-446d4ccc8b93}</UniqueIdentifier>
    </Filter>
    <Filter Include="Systems\UserInterface\Window\Renderer\ParticleSystem">
      <UniqueIdentifier>{cdcd5c3b-5d08-423a-9911-7d1f7db1e495}</UniqueIdentifier>
    </Filter>
    <Filter Include="Systems\UserInterface\Window\Renderer\RenderObjectSystem">
      <UniqueIdentifier>{a278233c-288e-4cdf-bcd2-c092e99eac5f}</UniqueIdentifier>
    </Filter>
    <Filter Include="Systems\UserInterface\Window\Renderer\MeshSystem">
      <UniqueIdentifier>{462162fa-a9af-43b0-93a6-e15657c61b78}</UniqueIdentifier>
    </Filter>
    <Filter Include="Systems\UserInterface\Window\Renderer\MeshSystem\GPUMesh">
      <UniqueIdentifier>{7429a573-1647-44d2-b35a-c5974fd53985}</UniqueIdentifier>
    </Filter>
    <Filter Include="Systems\UserInterface\Window\Renderer\MeshSystem\CPUMesh">
      <UniqueIdentifier>{153472d1-2c13-4d2d-ae2a-21047476543d}</UniqueIdentifier>
    </Filter>
    <Filter Include="Systems\UserInterface\Window\Renderer\LineRenderer">
      <UniqueIdentifier>{5963a845-f7ae-4b3d-9d14-981c8f782f50}</UniqueIdentifier>
    </Filter>
    <Filter Include="Systems\UserInterface\Window\Renderer\Framebuffer">
      <UniqueIdentifier>{3ebce9a2-b762-45a0-abeb-807fbc66b43d}</UniqueIdentifier>
    </Filter>
    <Filter Include="Systems\UserInterface\Window\Renderer\Framebuffer\FramebufferTexture">
      <UniqueIdentifier>{179a6677-123d-4a2a-b00f-cfcd0b4ecdb4}</UniqueIdentifier>
    </Filter>
    <Filter Include="Systems\UserInterface\Window\Renderer\Camera">
      <UniqueIdentifier>{4fde823f-24cc-4574-a396-f72faaaf4aad}</UniqueIdentifier>
    </Filter>
    <Filter Include="Systems\UserInterface\Window\Renderer\ShaderSystem">
      <UniqueIdentifier>{9deec56f-76d4-4375-a7a6-7cc3ca15ea4b}</UniqueIdentifier>
    </Filter>
    <Filter Include="Systems\UserInterface\Window\Renderer\ShaderSystem\ShaderProgram">
      <UniqueIdentifier>{de0270be-0c7a-4959-9993-fc2e705f35ff}</UniqueIdentifier>
    </Filter>
    <Filter Include="Systems\UserInterface\Window\Renderer\ShaderSystem\Uniforms">
      <UniqueIdentifier>{98e396b5-0565-411d-b0f9-42e49f874649}</UniqueIdentifier>
    </Filter>
    <Filter Include="Systems\UserInterface\Window\Renderer\MatrixSystem">
      <UniqueIdentifier>{530329b4-ded7-4e86-9241-5ea48b5ee148}</UniqueIdentifier>
    </Filter>
    <Filter Include="Systems\UserInterface\Window\Renderer\MatrixSystem\TransformationStack">
      <UniqueIdentifier>{e255240f-4804-4821-a1c5-afe1df9424e5}</UniqueIdentifier>
    </Filter>
    <Filter Include="Systems\SceneSystem">
      <UniqueIdentifier>{b48392d7-531b-4e49-afd2-bd5b9194ec8b}</UniqueIdentifier>
    </Filter>
    <Filter Include="Systems\SceneSystem\Scene">
      <UniqueIdentifier>{d3f274c7-6d5a-46de-8b38-cd54ca691a25}</UniqueIdentifier>
    </Filter>
    <Filter Include="Shaders">
      <UniqueIdentifier>{885cb6d3-3ffd-444b-bd72-5592ccb706ec}</UniqueIdentifier>
    </Filter>
    <Filter Include="Shaders\High Quality Bloom">
      <UniqueIdentifier>{09c0cf6b-f290-475b-a368-2009c88cfa19}</UniqueIdentifier>
    </Filter>
    <Filter Include="Systems\UserInterface\Window\Renderer\TextRenderSystem">
      <UniqueIdentifier>{e9171072-4241-4c6f-86ff-284686aa8419}</UniqueIdentifier>
    </Filter>
    <Filter Include="Apps\3D Apps\Mooncrash\Shaders">
      <UniqueIdentifier>{344c724f-d8b5-4781-ab46-d2c94eaf4c39}</UniqueIdentifier>
    </Filter>
    <Filter Include="Apps\3D Apps\Mooncrash\PlanetRenderSystem">
      <UniqueIdentifier>{2c49fef1-91b1-4221-9c95-770cae032d94}</UniqueIdentifier>
    </Filter>
    <Filter Include="Apps\3D Apps\Mooncrash\PlanetSystem">
      <UniqueIdentifier>{52b281be-8b10-4b7f-8ddc-2e67802d0589}</UniqueIdentifier>
    </Filter>
    <Filter Include="Apps\3D Apps\Mooncrash\PlanetSystem\PlanetSystemPlayer">
      <UniqueIdentifier>{d9953c2b-5797-4001-aef3-fcca6755ad7f}</UniqueIdentifier>
    </Filter>
    <Filter Include="Apps\3D Apps\Mooncrash\PlanetRenderSystem\OctreeSystemRenderer">
      <UniqueIdentifier>{35db1db4-cb32-4b87-b7ba-cb94d88c7715}</UniqueIdentifier>
    </Filter>
    <Filter Include="Apps\3D Apps\Mooncrash\PlanetSystem\OctreeSystem">
      <UniqueIdentifier>{78ae4678-2c73-4dff-b2a9-9d1cf793c838}</UniqueIdentifier>
    </Filter>
    <Filter Include="Apps\3D Apps\Mooncrash\PlanetSystem\TerrainSystem">
      <UniqueIdentifier>{e8b15508-022e-4985-87cf-94a7cab48bca}</UniqueIdentifier>
    </Filter>
    <Filter Include="Apps\3D Apps\Mooncrash\PlanetRenderSystem\TerrainRendering">
      <UniqueIdentifier>{618a67fb-2f87-4362-b245-320690d4cf2e}</UniqueIdentifier>
    </Filter>
    <Filter Include="Apps\3D Apps\Mooncrash\PlanetRenderSystem\OctreeSystemRenderer\RelativeChunkOffset">
      <UniqueIdentifier>{1fcd3717-ec28-4c9e-8d72-e0bf4e410035}</UniqueIdentifier>
    </Filter>
    <Filter Include="Apps\3D Apps\Mooncrash\PlanetSystem\OctreeNode">
      <UniqueIdentifier>{994f8f30-2617-4477-b5e5-a446980a27ce}</UniqueIdentifier>
    </Filter>
    <Filter Include="Apps\3D Apps\Mooncrash\PlanetSystem\OctreeNode\OctreeID">
      <UniqueIdentifier>{82e0bec6-0b42-4e3e-b8d5-7941c2ee8928}</UniqueIdentifier>
    </Filter>
    <Filter Include="Apps\3D Apps\Mooncrash\PlanetSystem\QuadtreeSystem">
      <UniqueIdentifier>{fd06760f-593e-47a1-b635-ee61496d4ea7}</UniqueIdentifier>
    </Filter>
    <Filter Include="Apps\3D Apps\Mooncrash\PlanetSystem\QuadtreeSystem\QuadtreeNode">
      <UniqueIdentifier>{e98a336c-e931-45bb-8198-994567cee5b9}</UniqueIdentifier>
    </Filter>
    <Filter Include="Apps\3D Apps\Mooncrash\PlanetSystem\QuadtreeSystem\QuadtreeNode\QuadtreeID">
      <UniqueIdentifier>{8ce3e763-a93a-41aa-890a-bdee183a80b4}</UniqueIdentifier>
    </Filter>
    <Filter Include="Apps\3D Apps\Mooncrash\PlanetRenderSystem\QuadtreeSystemRenderer">
      <UniqueIdentifier>{99d1c1ad-24e7-4638-bfc6-dfc4488ac8a9}</UniqueIdentifier>
    </Filter>
    <Filter Include="Apps\3D Apps\Project Melon\MelonPlayer">
      <UniqueIdentifier>{5cebf9ef-1eb6-4854-9523-54c813134397}</UniqueIdentifier>
    </Filter>
    <Filter Include="Apps\3D Apps\Project Melon\Shaders">
      <UniqueIdentifier>{5a9d8dd9-84a9-4532-9a38-87b99e02bc13}</UniqueIdentifier>
    </Filter>
    <Filter Include="Apps\3D Apps\Project Melon\MelonWorld">
      <UniqueIdentifier>{f3450bb7-9853-44ff-8dbe-3571bf703f2a}</UniqueIdentifier>
    </Filter>
    <Filter Include="Apps\Console Apps\InfiniteDetailPrototype">
      <UniqueIdentifier>{6529a408-9914-4fcb-9275-13a4f23caa93}</UniqueIdentifier>
    </Filter>
    <Filter Include="Apps\Console Apps\NameGenerator">
      <UniqueIdentifier>{aaa8ab4c-ad59-420a-b6c3-b15a41c1de1a}</UniqueIdentifier>
    </Filter>
    <Filter Include="Common\Datastructures\Name">
      <UniqueIdentifier>{56c8d332-a29d-4b99-9b1b-51e3f9923fb4}</UniqueIdentifier>
    </Filter>
    <Filter Include="Common\Data">
      <UniqueIdentifier>{bd0d843c-856c-44ef-a037-feca3f15b7c2}</UniqueIdentifier>
    </Filter>
    <Filter Include="Common\Data\Image">
      <UniqueIdentifier>{046c3bfe-3979-4579-9bfc-d0126bfd8bce}</UniqueIdentifier>
    </Filter>
    <Filter Include="Common\Data\Heightmap">
      <UniqueIdentifier>{3fc8d2cc-7275-48de-8f5b-5f8d7398264a}</UniqueIdentifier>
    </Filter>
    <Filter Include="Systems\Profiler">
      <UniqueIdentifier>{7a42a044-f930-44cc-a36a-829609e636c6}</UniqueIdentifier>
    </Filter>
    <Filter Include="Common\Math\TiledMath">
      <UniqueIdentifier>{28b4f99c-55a4-4daa-801c-4fb281a8760f}</UniqueIdentifier>
    </Filter>
    <Filter Include="Common\Math\ULLUtil">
      <UniqueIdentifier>{971dd7c7-0f70-442d-8798-e9ee610e750b}</UniqueIdentifier>
    </Filter>
    <Filter Include="Common\Data\Transform">
      <UniqueIdentifier>{f7a7366a-f9dd-47ed-8c5f-d7f294ac3a5e}</UniqueIdentifier>
    </Filter>
    <Filter Include="Common\Platform">
      <UniqueIdentifier>{8933aa0c-4666-44e8-a328-51823abb4e59}</UniqueIdentifier>
    </Filter>
    <Filter Include="Common\Platform\Device">
      <UniqueIdentifier>{7a30a2ba-64e7-497a-81f1-973b0a71a6cb}</UniqueIdentifier>
    </Filter>
    <Filter Include="Common\Platform\FileSystem">
      <UniqueIdentifier>{cc2934b3-ce7a-4fef-9580-cd38895aa710}</UniqueIdentifier>
    </Filter>
    <Filter Include="Common\Platform\FileSystem\File">
      <UniqueIdentifier>{a661f185-afdf-44d1-a30c-0569696ffcfe}</UniqueIdentifier>
    </Filter>
    <Filter Include="Common\Platform\FileSystem\File\FileTypes">
      <UniqueIdentifier>{ddb0470c-efe6-4fd8-8ac0-12bc512288e1}</UniqueIdentifier>
    </Filter>
    <Filter Include="Common\Platform\Time">
      <UniqueIdentifier>{0ec30091-4eb0-4901-bc8f-d4c01033d710}</UniqueIdentifier>
    </Filter>
    <Filter Include="Common\Platform\Debug">
      <UniqueIdentifier>{0f5ffd2f-db81-4a01-bf32-bf1e6ea4d09d}</UniqueIdentifier>
    </Filter>
    <Filter Include="Common\Platform\Debug\Logger">
      <UniqueIdentifier>{8bdddf20-034d-483a-917b-1394afb6045a}</UniqueIdentifier>
    </Filter>
    <Filter Include="Systems\Game">
      <UniqueIdentifier>{fecea737-33fc-4b53-bc71-5986db69f069}</UniqueIdentifier>
    </Filter>
    <Filter Include="Systems\PhysicsSystem">
      <UniqueIdentifier>{7cce8c66-60f5-4ea3-8d1e-1c1c0c9933cf}</UniqueIdentifier>
    </Filter>
    <Filter Include="Systems\PhysicsSystem\Collision">
      <UniqueIdentifier>{21d69522-0351-4388-9e96-d226f5437ee9}</UniqueIdentifier>
    </Filter>
    <Filter Include="Systems\Profiler\Optick">
      <UniqueIdentifier>{840e4262-c80d-471b-b655-748d534cd7c8}</UniqueIdentifier>
    </Filter>
    <Filter Include="Systems\UserInterface\Window\Renderer\MeshSystem\GPUMesh\IndexBufferObject">
      <UniqueIdentifier>{76181c79-df9c-47bc-8ec7-52fe60890107}</UniqueIdentifier>
    </Filter>
    <Filter Include="Systems\Game\Player">
      <UniqueIdentifier>{73254390-1a39-43e8-9a89-552d893242af}</UniqueIdentifier>
    </Filter>
    <Filter Include="Systems\UserInterface\Window\Renderer\RectangleRenderer">
      <UniqueIdentifier>{4b2078f7-a380-463c-b4a2-62c0a70d6ebc}</UniqueIdentifier>
    </Filter>
    <Filter Include="Systems\TreeSystem">
      <UniqueIdentifier>{11dea7c5-8e88-4770-9ce6-006eeac23036}</UniqueIdentifier>
    </Filter>
    <Filter Include="Systems\UserInterface\Window\Input">
      <UniqueIdentifier>{46d67f3d-c9f7-48f4-ad9c-54c9aba0daca}</UniqueIdentifier>
    </Filter>
    <Filter Include="Common\Memory">
      <UniqueIdentifier>{10696ce8-f30f-48a1-b6ba-39e9b05a2dd8}</UniqueIdentifier>
    </Filter>
    <Filter Include="Common\Math\Graphs\PointCloud">
      <UniqueIdentifier>{6da55ed9-d36c-45b1-87ee-393fcbfc3506}</UniqueIdentifier>
    </Filter>
    <Filter Include="Systems\Meshing\VoxelMeshing">
      <UniqueIdentifier>{4a4430ca-41be-4c64-a6f1-a7404bb332de}</UniqueIdentifier>
    </Filter>
    <Filter Include="Systems\Networking\Client">
      <UniqueIdentifier>{9659bcbc-7049-49d0-9d52-c9e744c78bfe}</UniqueIdentifier>
    </Filter>
    <Filter Include="Systems\Networking\Message">
      <UniqueIdentifier>{bd7ae2ae-af72-4f7a-b924-0d49b0c6914f}</UniqueIdentifier>
    </Filter>
    <Filter Include="Systems\Networking\Networking">
      <UniqueIdentifier>{068a7071-8f13-4546-9b24-89d295ab34ce}</UniqueIdentifier>
    </Filter>
    <Filter Include="Systems\UserInterface\Window\Renderer\TextRenderSystem\BitmapTextRenderSystem">
      <UniqueIdentifier>{494ff01b-3242-497b-b2e2-0261890654b7}</UniqueIdentifier>
    </Filter>
    <Filter Include="Systems\UserInterface\Window\Renderer\TextRenderSystem\GlyphTextRenderSystem">
      <UniqueIdentifier>{da9bdab7-ed9c-4cfe-9970-0efefa63f748}</UniqueIdentifier>
    </Filter>
    <Filter Include="Apps\2D Apps\Sortr">
      <UniqueIdentifier>{e619be1b-9cc6-4c11-bf34-1d6112e20c11}</UniqueIdentifier>
    </Filter>
    <Filter Include="Apps\2D Apps\Sortr\Shaders">
      <UniqueIdentifier>{be219d48-db7a-4136-95c2-23b31f4dcb33}</UniqueIdentifier>
    </Filter>
    <Filter Include="Apps\3D Apps\OrbitalOblivion">
      <UniqueIdentifier>{ce54fd96-eda5-4f48-b8ed-613b0d9da0bd}</UniqueIdentifier>
    </Filter>
    <Filter Include="Apps\3D Apps\Prototyping">
      <UniqueIdentifier>{82ce95f2-55d9-4b6d-a69c-3beba743d426}</UniqueIdentifier>
    </Filter>
    <Filter Include="Apps\3D Apps\Prototyping\Prototypes">
      <UniqueIdentifier>{38bedf0a-6557-44cd-bfb3-cf948b1aae12}</UniqueIdentifier>
    </Filter>
    <Filter Include="Systems\UserInterface\UIContainer">
      <UniqueIdentifier>{d2d0a9d3-c1ba-4caf-a65f-360f1aca33d9}</UniqueIdentifier>
    </Filter>
    <Filter Include="Systems\UserInterface\InputSystem">
      <UniqueIdentifier>{281a5e97-820b-4db0-90c2-80b6bc83173f}</UniqueIdentifier>
    </Filter>
    <Filter Include="Common\Datastructures\JobQueue">
      <UniqueIdentifier>{2cca24f8-9588-40d8-8a4e-3bb755c8dc8c}</UniqueIdentifier>
    </Filter>
    <Filter Include="Systems\Engine">
      <UniqueIdentifier>{7b41519f-b775-41ee-abf8-e19107bbb02f}</UniqueIdentifier>
    </Filter>
  </ItemGroup>
  <ItemGroup>
    <ResourceCompile Include="icon.rc">
      <Filter>Misc</Filter>
    </ResourceCompile>
  </ItemGroup>
  <ItemGroup>
    <Image Include="icon.ico">
      <Filter>Misc</Filter>
    </Image>
    <Image Include="icon.png">
      <Filter>Misc</Filter>
    </Image>
  </ItemGroup>
</Project>